// !$*UTF8*$!
{
	archiveVersion = 1;
	classes = {
	};
	objectVersion = 45;
	objects = {

/* Begin PBXBuildFile section */
		821DBB7B11633B4E0073C988 /* NSMutableArray+CocoaSQL.h in Headers */ = {isa = PBXBuildFile; fileRef = 821DBB7911633B4E0073C988 /* NSMutableArray+CocoaSQL.h */; };
		821DBB7C11633B4E0073C988 /* NSMutableArray+CocoaSQL.m in Sources */ = {isa = PBXBuildFile; fileRef = 821DBB7A11633B4E0073C988 /* NSMutableArray+CocoaSQL.m */; };
		821DBBA911634CB30073C988 /* CSQLDatabase.m in Sources */ = {isa = PBXBuildFile; fileRef = 821DBBA811634CB30073C988 /* CSQLDatabase.m */; };
		821DBC4211636C100073C988 /* CocoaSQL.h in Headers */ = {isa = PBXBuildFile; fileRef = 821DBC4111636C100073C988 /* CocoaSQL.h */; };
		823C7C8A115CCD210061ECAD /* CSQLPreparedStatement.h in Headers */ = {isa = PBXBuildFile; fileRef = 823C7C89115CCD210061ECAD /* CSQLPreparedStatement.h */; };
		824459F4115B742A00950BD9 /* CSQLDatabase.h in Headers */ = {isa = PBXBuildFile; fileRef = 824459F2115B742A00950BD9 /* CSQLDatabase.h */; };
		824459FB115B750B00950BD9 /* Cocoa.framework in Frameworks */ = {isa = PBXBuildFile; fileRef = 824459FA115B750B00950BD9 /* Cocoa.framework */; };
		824F8704116DD65100075D6F /* CSQLPreparedStatement+Protocol.h in Headers */ = {isa = PBXBuildFile; fileRef = 824F8703116DD65100075D6F /* CSQLPreparedStatement+Protocol.h */; };
		827E36BA11E21B5600684466 /* CSSQLiteDatabaseTests.m in Sources */ = {isa = PBXBuildFile; fileRef = 8295F34C117205540053E781 /* CSSQLiteDatabaseTests.m */; };
		827E36FD11E21EBA00684466 /* CocoaSQL-SQLite.framework in Frameworks */ = {isa = PBXBuildFile; fileRef = 82EC452E11861571006CBDF2 /* CocoaSQL-SQLite.framework */; };
		827E36FE11E21EBA00684466 /* CocoaSQL.framework in Frameworks */ = {isa = PBXBuildFile; fileRef = 8DC2EF5B0486A6940098B216 /* CocoaSQL.framework */; };
		827E371411E21EE800684466 /* CocoaSQL-MySQL.framework in Frameworks */ = {isa = PBXBuildFile; fileRef = 82EC44F8118613A9006CBDF2 /* CocoaSQL-MySQL.framework */; };
		827E371511E21EE800684466 /* CocoaSQL.framework in Frameworks */ = {isa = PBXBuildFile; fileRef = 8DC2EF5B0486A6940098B216 /* CocoaSQL.framework */; };
		827E373A11E21F7A00684466 /* CMySQLDatabaseTests.m in Sources */ = {isa = PBXBuildFile; fileRef = AA022810116FCD280005BF0A /* CMySQLDatabaseTests.m */; };
		827E375911E21FE000684466 /* CocoaSQL-PostgreSQL.framework in Frameworks */ = {isa = PBXBuildFile; fileRef = 82EC44D511861212006CBDF2 /* CocoaSQL-PostgreSQL.framework */; };
		827E375A11E21FE000684466 /* CocoaSQL.framework in Frameworks */ = {isa = PBXBuildFile; fileRef = 8DC2EF5B0486A6940098B216 /* CocoaSQL.framework */; };
		827E375D11E21FEF00684466 /* CSPostgreSQLDatabaseTests.m in Sources */ = {isa = PBXBuildFile; fileRef = 828B5DD31174A1BF00AB732C /* CSPostgreSQLDatabaseTests.m */; };
		827E378611E2205900684466 /* CocoaSQL-MySQL.framework in Frameworks */ = {isa = PBXBuildFile; fileRef = 82EC44F8118613A9006CBDF2 /* CocoaSQL-MySQL.framework */; };
		827E378711E2205900684466 /* CocoaSQL-PostgreSQL.framework in Frameworks */ = {isa = PBXBuildFile; fileRef = 82EC44D511861212006CBDF2 /* CocoaSQL-PostgreSQL.framework */; };
		827E378811E2205900684466 /* CocoaSQL-SQLite.framework in Frameworks */ = {isa = PBXBuildFile; fileRef = 82EC452E11861571006CBDF2 /* CocoaSQL-SQLite.framework */; };
		827E378911E2205900684466 /* CocoaSQL.framework in Frameworks */ = {isa = PBXBuildFile; fileRef = 8DC2EF5B0486A6940098B216 /* CocoaSQL.framework */; };
		828B609E1175DBEA00AB732C /* COPYING in Resources */ = {isa = PBXBuildFile; fileRef = 828B609C1175DBEA00AB732C /* COPYING */; };
		828B609F1175DBEA00AB732C /* COPYING.LESSER in Resources */ = {isa = PBXBuildFile; fileRef = 828B609D1175DBEA00AB732C /* COPYING.LESSER */; };
		8295F291116F8CD10053E781 /* NSError+CocoaSQL.h in Headers */ = {isa = PBXBuildFile; fileRef = 8295F28F116F8CD10053E781 /* NSError+CocoaSQL.h */; };
		8295F292116F8CD10053E781 /* NSError+CocoaSQL.m in Sources */ = {isa = PBXBuildFile; fileRef = 8295F290116F8CD10053E781 /* NSError+CocoaSQL.m */; };
		82B99917116F478F00378C70 /* Cocoa.framework in Frameworks */ = {isa = PBXBuildFile; fileRef = 824459FA115B750B00950BD9 /* Cocoa.framework */; };
		82EC44DD11861290006CBDF2 /* libpq.dylib in Frameworks */ = {isa = PBXBuildFile; fileRef = 828B5D9B11749B4500AB732C /* libpq.dylib */; };
		82EC44DE118612C5006CBDF2 /* CSPostgreSQLBindsStorage.m in Sources */ = {isa = PBXBuildFile; fileRef = 82EC44241185C998006CBDF2 /* CSPostgreSQLBindsStorage.m */; };
		82EC44DF118612C5006CBDF2 /* CSPostgreSQLDatabase.m in Sources */ = {isa = PBXBuildFile; fileRef = 828B5C8E1174621B00AB732C /* CSPostgreSQLDatabase.m */; };
		82EC44E0118612C5006CBDF2 /* CSPostgreSQLPreparedStatement.m in Sources */ = {isa = PBXBuildFile; fileRef = 828B5C921174623000AB732C /* CSPostgreSQLPreparedStatement.m */; };
		82EC44E1118612C5006CBDF2 /* CSPostgreSQLRow.m in Sources */ = {isa = PBXBuildFile; fileRef = 82EC44201185C939006CBDF2 /* CSPostgreSQLRow.m */; };
		82EC44E211861300006CBDF2 /* CSPostgreSQLDatabase.h in Headers */ = {isa = PBXBuildFile; fileRef = 828B5C8D1174621B00AB732C /* CSPostgreSQLDatabase.h */; };
		82EC44E311861300006CBDF2 /* CSPostgreSQLPreparedStatement.h in Headers */ = {isa = PBXBuildFile; fileRef = 828B5C911174623000AB732C /* CSPostgreSQLPreparedStatement.h */; };
		82EC44E411861300006CBDF2 /* CSPostgreSQLRow.h in Headers */ = {isa = PBXBuildFile; fileRef = 82EC441F1185C939006CBDF2 /* CSPostgreSQLRow.h */; };
		82EC44E511861300006CBDF2 /* CSPostgreSQLBindsStorage.h in Headers */ = {isa = PBXBuildFile; fileRef = 82EC44231185C998006CBDF2 /* CSPostgreSQLBindsStorage.h */; };
		82EC44E611861300006CBDF2 /* PostgreSQLDataType.h in Headers */ = {isa = PBXBuildFile; fileRef = 82EC44311185CA69006CBDF2 /* PostgreSQLDataType.h */; };
		82EC450411861406006CBDF2 /* CocoaSQL.framework in Frameworks */ = {isa = PBXBuildFile; fileRef = 8DC2EF5B0486A6940098B216 /* CocoaSQL.framework */; };
		82EC451A118614AB006CBDF2 /* CSMySQLDatabase.h in Headers */ = {isa = PBXBuildFile; fileRef = AA2B20DD1165CDD600F4DC57 /* CSMySQLDatabase.h */; };
		82EC451B118614AB006CBDF2 /* CSMySQLPreparedStatement.h in Headers */ = {isa = PBXBuildFile; fileRef = AA3698AA116B1C060073A0EB /* CSMySQLPreparedStatement.h */; };
		82EC451C118614B3006CBDF2 /* CSMySQLDatabase.m in Sources */ = {isa = PBXBuildFile; fileRef = AA2B20DE1165CDD600F4DC57 /* CSMySQLDatabase.m */; };
		82EC451D118614B3006CBDF2 /* CSMySQLPreparedStatement.m in Sources */ = {isa = PBXBuildFile; fileRef = AA3698AB116B1C060073A0EB /* CSMySQLPreparedStatement.m */; };
		82EC451E118614C5006CBDF2 /* CocoaSQL.framework in Frameworks */ = {isa = PBXBuildFile; fileRef = 8DC2EF5B0486A6940098B216 /* CocoaSQL.framework */; };
		82EC451F118614D9006CBDF2 /* libmysqlclient.dylib in Frameworks */ = {isa = PBXBuildFile; fileRef = AA987E90116E5D420023E86F /* libmysqlclient.dylib */; };
		82EC45351186157B006CBDF2 /* CocoaSQL.framework in Frameworks */ = {isa = PBXBuildFile; fileRef = 8DC2EF5B0486A6940098B216 /* CocoaSQL.framework */; };
		82EC4544118615AC006CBDF2 /* libsqlite3.0.dylib in Frameworks */ = {isa = PBXBuildFile; fileRef = 823FCBB2115C1CC500F3E4E2 /* libsqlite3.0.dylib */; };
		82EC454A1186160F006CBDF2 /* CSSQLiteDatabase.h in Headers */ = {isa = PBXBuildFile; fileRef = 82445A53115B9A6400950BD9 /* CSSQLiteDatabase.h */; };
		82EC454B1186160F006CBDF2 /* CSSQLitePreparedStatement.h in Headers */ = {isa = PBXBuildFile; fileRef = 823C7CC4115CE4DA0061ECAD /* CSSQLitePreparedStatement.h */; };
		82EC454C1186161B006CBDF2 /* CSSQLiteDatabase.m in Sources */ = {isa = PBXBuildFile; fileRef = 82445A54115B9A6400950BD9 /* CSSQLiteDatabase.m */; };
		82EC454D1186161B006CBDF2 /* CSSQLitePreparedStatement.m in Sources */ = {isa = PBXBuildFile; fileRef = 823C7CC5115CE4DA0061ECAD /* CSSQLitePreparedStatement.m */; };
		82EC45541186163F006CBDF2 /* libsqlite3.0.dylib in Resources */ = {isa = PBXBuildFile; fileRef = 823FCBB2115C1CC500F3E4E2 /* libsqlite3.0.dylib */; };
		82EC455511861647006CBDF2 /* libmysqlclient.dylib in Resources */ = {isa = PBXBuildFile; fileRef = AA987E90116E5D420023E86F /* libmysqlclient.dylib */; };
		82EC455611861650006CBDF2 /* libpq.dylib in Resources */ = {isa = PBXBuildFile; fileRef = 828B5D9B11749B4500AB732C /* libpq.dylib */; };
		82EC45C71186D964006CBDF2 /* CocoaSQLErrors.h in Headers */ = {isa = PBXBuildFile; fileRef = 82EC45C51186D964006CBDF2 /* CocoaSQLErrors.h */; };
		82EE6F4A116F284300885118 /* otest.m in Sources */ = {isa = PBXBuildFile; fileRef = 82EE6F34116F273A00885118 /* otest.m */; };
		8DC2EF530486A6940098B216 /* InfoPlist.strings in Resources */ = {isa = PBXBuildFile; fileRef = 089C1666FE841158C02AAC07 /* InfoPlist.strings */; };
		AA62F97E116C7B3200C4FE4A /* CSQLPreparedStatement.m in Sources */ = {isa = PBXBuildFile; fileRef = 821E2705116B2A4100A0AFF7 /* CSQLPreparedStatement.m */; };
		AA7A94D11176F1E700643185 /* CSQLResultCallback.h in Headers */ = {isa = PBXBuildFile; fileRef = AA7A94CF1176F1E700643185 /* CSQLResultCallback.h */; };
		AA7A94D21176F1E700643185 /* CSQLResultCallback.m in Sources */ = {isa = PBXBuildFile; fileRef = AA7A94D01176F1E700643185 /* CSQLResultCallback.m */; };
		AAA449B21174FED6006143D9 /* CSQLResultValue.h in Headers */ = {isa = PBXBuildFile; fileRef = AAF71F9111744D93001D79EA /* CSQLResultValue.h */; };
		AAA449B31174FED6006143D9 /* CSQLResultValue.m in Sources */ = {isa = PBXBuildFile; fileRef = AAF71F9211744D93001D79EA /* CSQLResultValue.m */; };
		AAC3325D116F5E830097879F /* CocoaSQL.framework in Frameworks */ = {isa = PBXBuildFile; fileRef = 8DC2EF5B0486A6940098B216 /* CocoaSQL.framework */; };
/* End PBXBuildFile section */

/* Begin PBXContainerItemProxy section */
		827E36AC11E21ACB00684466 /* PBXContainerItemProxy */ = {
			isa = PBXContainerItemProxy;
			containerPortal = 0867D690FE84028FC02AAC07 /* Project object */;
			proxyType = 1;
			remoteGlobalIDString = 82EC452D11861571006CBDF2;
			remoteInfo = "CocoaSQL-SQLite";
		};
		827E36AE11E21AD400684466 /* PBXContainerItemProxy */ = {
			isa = PBXContainerItemProxy;
			containerPortal = 0867D690FE84028FC02AAC07 /* Project object */;
			proxyType = 1;
			remoteGlobalIDString = 82EE6F44116F282000885118;
			remoteInfo = otest;
		};
		827E36E411E21E0900684466 /* PBXContainerItemProxy */ = {
			isa = PBXContainerItemProxy;
			containerPortal = 0867D690FE84028FC02AAC07 /* Project object */;
			proxyType = 1;
			remoteGlobalIDString = 8DC2EF4F0486A6940098B216;
			remoteInfo = CocoaSQL;
		};
		827E371011E21EE300684466 /* PBXContainerItemProxy */ = {
			isa = PBXContainerItemProxy;
			containerPortal = 0867D690FE84028FC02AAC07 /* Project object */;
			proxyType = 1;
			remoteGlobalIDString = 8DC2EF4F0486A6940098B216;
			remoteInfo = CocoaSQL;
		};
		827E371211E21EE300684466 /* PBXContainerItemProxy */ = {
			isa = PBXContainerItemProxy;
			containerPortal = 0867D690FE84028FC02AAC07 /* Project object */;
			proxyType = 1;
			remoteGlobalIDString = 82EC44F7118613A9006CBDF2;
			remoteInfo = "CocoaSQL-MySQL";
		};
		827E373311E21F5D00684466 /* PBXContainerItemProxy */ = {
			isa = PBXContainerItemProxy;
			containerPortal = 0867D690FE84028FC02AAC07 /* Project object */;
			proxyType = 1;
			remoteGlobalIDString = 82EE6F44116F282000885118;
			remoteInfo = otest;
		};
		827E375311E21FDA00684466 /* PBXContainerItemProxy */ = {
			isa = PBXContainerItemProxy;
			containerPortal = 0867D690FE84028FC02AAC07 /* Project object */;
			proxyType = 1;
			remoteGlobalIDString = 8DC2EF4F0486A6940098B216;
			remoteInfo = CocoaSQL;
		};
		827E375511E21FDA00684466 /* PBXContainerItemProxy */ = {
			isa = PBXContainerItemProxy;
			containerPortal = 0867D690FE84028FC02AAC07 /* Project object */;
			proxyType = 1;
			remoteGlobalIDString = 82EC44D411861212006CBDF2;
			remoteInfo = "CocoaSQL-PostgreSQL";
		};
		827E375711E21FDA00684466 /* PBXContainerItemProxy */ = {
			isa = PBXContainerItemProxy;
			containerPortal = 0867D690FE84028FC02AAC07 /* Project object */;
			proxyType = 1;
			remoteGlobalIDString = 82EE6F44116F282000885118;
			remoteInfo = otest;
		};
		827E377E11E2205100684466 /* PBXContainerItemProxy */ = {
			isa = PBXContainerItemProxy;
			containerPortal = 0867D690FE84028FC02AAC07 /* Project object */;
			proxyType = 1;
			remoteGlobalIDString = 82EE6F44116F282000885118;
			remoteInfo = otest;
		};
		827E378011E2205100684466 /* PBXContainerItemProxy */ = {
			isa = PBXContainerItemProxy;
			containerPortal = 0867D690FE84028FC02AAC07 /* Project object */;
			proxyType = 1;
			remoteGlobalIDString = 827E36A511E21AB800684466;
			remoteInfo = "CocoaSQL-Tests-SQLite";
		};
		827E378211E2205100684466 /* PBXContainerItemProxy */ = {
			isa = PBXContainerItemProxy;
			containerPortal = 0867D690FE84028FC02AAC07 /* Project object */;
			proxyType = 1;
			remoteGlobalIDString = 827E370911E21EDB00684466;
			remoteInfo = "CocoaSQL-Tests-MySQL";
		};
		827E378411E2205100684466 /* PBXContainerItemProxy */ = {
			isa = PBXContainerItemProxy;
			containerPortal = 0867D690FE84028FC02AAC07 /* Project object */;
			proxyType = 1;
			remoteGlobalIDString = 827E374A11E21FCD00684466;
			remoteInfo = "CocoaSQL-Tests-PostgreSQL";
		};
		82EC44FD118613B1006CBDF2 /* PBXContainerItemProxy */ = {
			isa = PBXContainerItemProxy;
			containerPortal = 0867D690FE84028FC02AAC07 /* Project object */;
			proxyType = 1;
			remoteGlobalIDString = 8DC2EF4F0486A6940098B216;
			remoteInfo = CocoaSQL;
		};
		82EC4500118613EB006CBDF2 /* PBXContainerItemProxy */ = {
			isa = PBXContainerItemProxy;
			containerPortal = 0867D690FE84028FC02AAC07 /* Project object */;
			proxyType = 1;
			remoteGlobalIDString = 8DC2EF4F0486A6940098B216;
			remoteInfo = CocoaSQL;
		};
		82EC453311861577006CBDF2 /* PBXContainerItemProxy */ = {
			isa = PBXContainerItemProxy;
			containerPortal = 0867D690FE84028FC02AAC07 /* Project object */;
			proxyType = 1;
			remoteGlobalIDString = 8DC2EF4F0486A6940098B216;
			remoteInfo = CocoaSQL;
		};
		82EC45931186177E006CBDF2 /* PBXContainerItemProxy */ = {
			isa = PBXContainerItemProxy;
			containerPortal = 0867D690FE84028FC02AAC07 /* Project object */;
			proxyType = 1;
			remoteGlobalIDString = 8DC2EF4F0486A6940098B216;
			remoteInfo = CocoaSQL;
		};
/* End PBXContainerItemProxy section */

/* Begin PBXFileReference section */
		0867D69BFE84028FC02AAC07 /* Foundation.framework */ = {isa = PBXFileReference; lastKnownFileType = wrapper.framework; name = Foundation.framework; path = /System/Library/Frameworks/Foundation.framework; sourceTree = "<absolute>"; };
		089C1667FE841158C02AAC07 /* English */ = {isa = PBXFileReference; fileEncoding = 4; lastKnownFileType = text.plist.strings; name = English; path = English.lproj/InfoPlist.strings; sourceTree = "<group>"; };
		32DBCF5E0370ADEE00C91783 /* CocoaSQL_Prefix.pch */ = {isa = PBXFileReference; fileEncoding = 4; lastKnownFileType = sourcecode.c.h; path = CocoaSQL_Prefix.pch; sourceTree = "<group>"; };
		821DBB7911633B4E0073C988 /* NSMutableArray+CocoaSQL.h */ = {isa = PBXFileReference; fileEncoding = 4; lastKnownFileType = sourcecode.c.h; path = "NSMutableArray+CocoaSQL.h"; sourceTree = "<group>"; };
		821DBB7A11633B4E0073C988 /* NSMutableArray+CocoaSQL.m */ = {isa = PBXFileReference; fileEncoding = 4; lastKnownFileType = sourcecode.c.objc; path = "NSMutableArray+CocoaSQL.m"; sourceTree = "<group>"; };
		821DBBA811634CB30073C988 /* CSQLDatabase.m */ = {isa = PBXFileReference; fileEncoding = 4; lastKnownFileType = sourcecode.c.objc; path = CSQLDatabase.m; sourceTree = "<group>"; };
		821DBC4111636C100073C988 /* CocoaSQL.h */ = {isa = PBXFileReference; fileEncoding = 4; lastKnownFileType = sourcecode.c.h; path = CocoaSQL.h; sourceTree = "<group>"; };
		821DBC9D116370800073C988 /* CSQLDatabaseTests.h */ = {isa = PBXFileReference; fileEncoding = 4; lastKnownFileType = sourcecode.c.h; path = CSQLDatabaseTests.h; sourceTree = "<group>"; };
		821DBC9E116370800073C988 /* CSQLDatabaseTests.m */ = {isa = PBXFileReference; fileEncoding = 4; lastKnownFileType = sourcecode.c.objc; path = CSQLDatabaseTests.m; sourceTree = "<group>"; };
		821E2705116B2A4100A0AFF7 /* CSQLPreparedStatement.m */ = {isa = PBXFileReference; fileEncoding = 4; lastKnownFileType = sourcecode.c.objc; path = CSQLPreparedStatement.m; sourceTree = "<group>"; };
		823C7C89115CCD210061ECAD /* CSQLPreparedStatement.h */ = {isa = PBXFileReference; fileEncoding = 4; lastKnownFileType = sourcecode.c.h; path = CSQLPreparedStatement.h; sourceTree = "<group>"; };
		823C7CC4115CE4DA0061ECAD /* CSSQLitePreparedStatement.h */ = {isa = PBXFileReference; fileEncoding = 4; lastKnownFileType = sourcecode.c.h; path = CSSQLitePreparedStatement.h; sourceTree = "<group>"; };
		823C7CC5115CE4DA0061ECAD /* CSSQLitePreparedStatement.m */ = {isa = PBXFileReference; fileEncoding = 4; lastKnownFileType = sourcecode.c.objc; path = CSSQLitePreparedStatement.m; sourceTree = "<group>"; };
		823FCBB2115C1CC500F3E4E2 /* libsqlite3.0.dylib */ = {isa = PBXFileReference; explicitFileType = "compiled.mach-o.dylib"; name = libsqlite3.0.dylib; path = /usr/lib/libsqlite3.0.dylib; sourceTree = "<absolute>"; };
		824459F2115B742A00950BD9 /* CSQLDatabase.h */ = {isa = PBXFileReference; fileEncoding = 4; lastKnownFileType = sourcecode.c.h; path = CSQLDatabase.h; sourceTree = "<group>"; };
		824459FA115B750B00950BD9 /* Cocoa.framework */ = {isa = PBXFileReference; lastKnownFileType = wrapper.framework; name = Cocoa.framework; path = /System/Library/Frameworks/Cocoa.framework; sourceTree = "<absolute>"; };
		82445A53115B9A6400950BD9 /* CSSQLiteDatabase.h */ = {isa = PBXFileReference; fileEncoding = 4; lastKnownFileType = sourcecode.c.h; path = CSSQLiteDatabase.h; sourceTree = "<group>"; };
		82445A54115B9A6400950BD9 /* CSSQLiteDatabase.m */ = {isa = PBXFileReference; fileEncoding = 4; lastKnownFileType = sourcecode.c.objc; path = CSSQLiteDatabase.m; sourceTree = "<group>"; };
		824F8703116DD65100075D6F /* CSQLPreparedStatement+Protocol.h */ = {isa = PBXFileReference; fileEncoding = 4; lastKnownFileType = sourcecode.c.h; path = "CSQLPreparedStatement+Protocol.h"; sourceTree = "<group>"; };
		827E36A611E21AB800684466 /* CocoaSQL-Tests-SQLite.octest */ = {isa = PBXFileReference; explicitFileType = wrapper.cfbundle; includeInIndex = 0; path = "CocoaSQL-Tests-SQLite.octest"; sourceTree = BUILT_PRODUCTS_DIR; };
		827E36A711E21AB800684466 /* CocoaSQL-Tests-SQLite-Info.plist */ = {isa = PBXFileReference; lastKnownFileType = text.plist.xml; path = "CocoaSQL-Tests-SQLite-Info.plist"; sourceTree = "<group>"; };
		827E370A11E21EDB00684466 /* CocoaSQL-Tests-MySQL.octest */ = {isa = PBXFileReference; explicitFileType = wrapper.cfbundle; includeInIndex = 0; path = "CocoaSQL-Tests-MySQL.octest"; sourceTree = BUILT_PRODUCTS_DIR; };
		827E370C11E21EDB00684466 /* CocoaSQL-Tests-MySQL-Info.plist */ = {isa = PBXFileReference; lastKnownFileType = text.plist.xml; path = "CocoaSQL-Tests-MySQL-Info.plist"; sourceTree = "<group>"; };
		827E374B11E21FCD00684466 /* CocoaSQL-Tests-PostgreSQL.octest */ = {isa = PBXFileReference; explicitFileType = wrapper.cfbundle; includeInIndex = 0; path = "CocoaSQL-Tests-PostgreSQL.octest"; sourceTree = BUILT_PRODUCTS_DIR; };
		827E374F11E21FCD00684466 /* CocoaSQL-Tests-PostgreSQL-Info.plist */ = {isa = PBXFileReference; lastKnownFileType = text.plist.xml; path = "CocoaSQL-Tests-PostgreSQL-Info.plist"; sourceTree = "<group>"; };
		827E377711E2203F00684466 /* CocoaSQL-Tests.octest */ = {isa = PBXFileReference; explicitFileType = wrapper.cfbundle; includeInIndex = 0; path = "CocoaSQL-Tests.octest"; sourceTree = BUILT_PRODUCTS_DIR; };
		827E377A11E2203F00684466 /* CocoaSQL-Tests-Info.plist */ = {isa = PBXFileReference; lastKnownFileType = text.plist.xml; path = "CocoaSQL-Tests-Info.plist"; sourceTree = "<group>"; };
		828B5C8D1174621B00AB732C /* CSPostgreSQLDatabase.h */ = {isa = PBXFileReference; fileEncoding = 4; lastKnownFileType = sourcecode.c.h; path = CSPostgreSQLDatabase.h; sourceTree = "<group>"; };
		828B5C8E1174621B00AB732C /* CSPostgreSQLDatabase.m */ = {isa = PBXFileReference; fileEncoding = 4; lastKnownFileType = sourcecode.c.objc; path = CSPostgreSQLDatabase.m; sourceTree = "<group>"; };
		828B5C911174623000AB732C /* CSPostgreSQLPreparedStatement.h */ = {isa = PBXFileReference; fileEncoding = 4; lastKnownFileType = sourcecode.c.h; path = CSPostgreSQLPreparedStatement.h; sourceTree = "<group>"; };
		828B5C921174623000AB732C /* CSPostgreSQLPreparedStatement.m */ = {isa = PBXFileReference; fileEncoding = 4; lastKnownFileType = sourcecode.c.objc; path = CSPostgreSQLPreparedStatement.m; sourceTree = "<group>"; };
		828B5D9B11749B4500AB732C /* libpq.dylib */ = {isa = PBXFileReference; lastKnownFileType = "compiled.mach-o.dylib"; path = libpq.dylib; sourceTree = "<group>"; };
		828B5DD21174A1BF00AB732C /* CSPostgreSQLDatabaseTests.h */ = {isa = PBXFileReference; fileEncoding = 4; lastKnownFileType = sourcecode.c.h; path = CSPostgreSQLDatabaseTests.h; sourceTree = "<group>"; };
		828B5DD31174A1BF00AB732C /* CSPostgreSQLDatabaseTests.m */ = {isa = PBXFileReference; fileEncoding = 4; lastKnownFileType = sourcecode.c.objc; path = CSPostgreSQLDatabaseTests.m; sourceTree = "<group>"; };
		828B609B1175DA4500AB732C /* TODO.md */ = {isa = PBXFileReference; fileEncoding = 4; lastKnownFileType = text; path = TODO.md; sourceTree = "<group>"; };
		828B609C1175DBEA00AB732C /* COPYING */ = {isa = PBXFileReference; fileEncoding = 4; lastKnownFileType = text; path = COPYING; sourceTree = "<group>"; };
		828B609D1175DBEA00AB732C /* COPYING.LESSER */ = {isa = PBXFileReference; fileEncoding = 4; lastKnownFileType = text; path = COPYING.LESSER; sourceTree = "<group>"; };
		8295F28F116F8CD10053E781 /* NSError+CocoaSQL.h */ = {isa = PBXFileReference; fileEncoding = 4; lastKnownFileType = sourcecode.c.h; path = "NSError+CocoaSQL.h"; sourceTree = "<group>"; };
		8295F290116F8CD10053E781 /* NSError+CocoaSQL.m */ = {isa = PBXFileReference; fileEncoding = 4; lastKnownFileType = sourcecode.c.objc; path = "NSError+CocoaSQL.m"; sourceTree = "<group>"; };
		8295F34B117205540053E781 /* CSSQLiteDatabaseTests.h */ = {isa = PBXFileReference; fileEncoding = 4; lastKnownFileType = sourcecode.c.h; path = CSSQLiteDatabaseTests.h; sourceTree = "<group>"; };
		8295F34C117205540053E781 /* CSSQLiteDatabaseTests.m */ = {isa = PBXFileReference; fileEncoding = 4; lastKnownFileType = sourcecode.c.objc; path = CSSQLiteDatabaseTests.m; sourceTree = "<group>"; };
		82EC441F1185C939006CBDF2 /* CSPostgreSQLRow.h */ = {isa = PBXFileReference; fileEncoding = 4; lastKnownFileType = sourcecode.c.h; path = CSPostgreSQLRow.h; sourceTree = "<group>"; };
		82EC44201185C939006CBDF2 /* CSPostgreSQLRow.m */ = {isa = PBXFileReference; fileEncoding = 4; lastKnownFileType = sourcecode.c.objc; path = CSPostgreSQLRow.m; sourceTree = "<group>"; };
		82EC44231185C998006CBDF2 /* CSPostgreSQLBindsStorage.h */ = {isa = PBXFileReference; fileEncoding = 4; lastKnownFileType = sourcecode.c.h; path = CSPostgreSQLBindsStorage.h; sourceTree = "<group>"; };
		82EC44241185C998006CBDF2 /* CSPostgreSQLBindsStorage.m */ = {isa = PBXFileReference; fileEncoding = 4; lastKnownFileType = sourcecode.c.objc; path = CSPostgreSQLBindsStorage.m; sourceTree = "<group>"; };
		82EC44311185CA69006CBDF2 /* PostgreSQLDataType.h */ = {isa = PBXFileReference; fileEncoding = 4; lastKnownFileType = sourcecode.c.h; path = PostgreSQLDataType.h; sourceTree = "<group>"; };
		82EC44D511861212006CBDF2 /* CocoaSQL-PostgreSQL.framework */ = {isa = PBXFileReference; explicitFileType = wrapper.framework; includeInIndex = 0; path = "CocoaSQL-PostgreSQL.framework"; sourceTree = BUILT_PRODUCTS_DIR; };
		82EC44D611861212006CBDF2 /* CocoaSQL-PostgreSQL-Info.plist */ = {isa = PBXFileReference; lastKnownFileType = text.plist.xml; path = "CocoaSQL-PostgreSQL-Info.plist"; sourceTree = "<group>"; };
		82EC44F8118613A9006CBDF2 /* CocoaSQL-MySQL.framework */ = {isa = PBXFileReference; explicitFileType = wrapper.framework; includeInIndex = 0; path = "CocoaSQL-MySQL.framework"; sourceTree = BUILT_PRODUCTS_DIR; };
		82EC44F9118613A9006CBDF2 /* CocoaSQL-MySQL-Info.plist */ = {isa = PBXFileReference; lastKnownFileType = text.plist.xml; path = "CocoaSQL-MySQL-Info.plist"; sourceTree = "<group>"; };
		82EC452E11861571006CBDF2 /* CocoaSQL-SQLite.framework */ = {isa = PBXFileReference; explicitFileType = wrapper.framework; includeInIndex = 0; path = "CocoaSQL-SQLite.framework"; sourceTree = BUILT_PRODUCTS_DIR; };
		82EC452F11861571006CBDF2 /* CocoaSQL-SQLite-Info.plist */ = {isa = PBXFileReference; lastKnownFileType = text.plist.xml; path = "CocoaSQL-SQLite-Info.plist"; sourceTree = "<group>"; };
		82EC45C51186D964006CBDF2 /* CocoaSQLErrors.h */ = {isa = PBXFileReference; fileEncoding = 4; lastKnownFileType = sourcecode.c.h; path = CocoaSQLErrors.h; sourceTree = "<group>"; };
		82EE6F34116F273A00885118 /* otest.m */ = {isa = PBXFileReference; fileEncoding = 4; lastKnownFileType = sourcecode.c.objc; path = otest.m; sourceTree = "<group>"; };
		82EE6F45116F282000885118 /* otest */ = {isa = PBXFileReference; explicitFileType = "compiled.mach-o.executable"; includeInIndex = 0; path = otest; sourceTree = BUILT_PRODUCTS_DIR; };
		8DC2EF5A0486A6940098B216 /* Info.plist */ = {isa = PBXFileReference; fileEncoding = 4; lastKnownFileType = text.plist.xml; path = Info.plist; sourceTree = "<group>"; };
		8DC2EF5B0486A6940098B216 /* CocoaSQL.framework */ = {isa = PBXFileReference; explicitFileType = wrapper.framework; includeInIndex = 0; path = CocoaSQL.framework; sourceTree = BUILT_PRODUCTS_DIR; };
		AA02280F116FCD280005BF0A /* CMySQLDatabaseTests.h */ = {isa = PBXFileReference; fileEncoding = 4; lastKnownFileType = sourcecode.c.h; path = CMySQLDatabaseTests.h; sourceTree = "<group>"; };
		AA022810116FCD280005BF0A /* CMySQLDatabaseTests.m */ = {isa = PBXFileReference; fileEncoding = 4; lastKnownFileType = sourcecode.c.objc; path = CMySQLDatabaseTests.m; sourceTree = "<group>"; };
		AA2B20DD1165CDD600F4DC57 /* CSMySQLDatabase.h */ = {isa = PBXFileReference; fileEncoding = 4; lastKnownFileType = sourcecode.c.h; name = CSMySQLDatabase.h; path = Source/MySQL/CSMySQLDatabase.h; sourceTree = "<group>"; };
		AA2B20DE1165CDD600F4DC57 /* CSMySQLDatabase.m */ = {isa = PBXFileReference; fileEncoding = 4; lastKnownFileType = sourcecode.c.objc; name = CSMySQLDatabase.m; path = Source/MySQL/CSMySQLDatabase.m; sourceTree = "<group>"; };
		AA3698AA116B1C060073A0EB /* CSMySQLPreparedStatement.h */ = {isa = PBXFileReference; fileEncoding = 4; lastKnownFileType = sourcecode.c.h; name = CSMySQLPreparedStatement.h; path = Source/MySQL/CSMySQLPreparedStatement.h; sourceTree = "<group>"; };
		AA3698AB116B1C060073A0EB /* CSMySQLPreparedStatement.m */ = {isa = PBXFileReference; fileEncoding = 4; lastKnownFileType = sourcecode.c.objc; name = CSMySQLPreparedStatement.m; path = Source/MySQL/CSMySQLPreparedStatement.m; sourceTree = "<group>"; };
		AA7A94CF1176F1E700643185 /* CSQLResultCallback.h */ = {isa = PBXFileReference; fileEncoding = 4; lastKnownFileType = sourcecode.c.h; path = CSQLResultCallback.h; sourceTree = "<group>"; };
		AA7A94D01176F1E700643185 /* CSQLResultCallback.m */ = {isa = PBXFileReference; fileEncoding = 4; lastKnownFileType = sourcecode.c.objc; path = CSQLResultCallback.m; sourceTree = "<group>"; };
		AA987E90116E5D420023E86F /* libmysqlclient.dylib */ = {isa = PBXFileReference; explicitFileType = "compiled.mach-o.dylib"; path = libmysqlclient.dylib; sourceTree = "<group>"; };
		AAF71F9111744D93001D79EA /* CSQLResultValue.h */ = {isa = PBXFileReference; fileEncoding = 4; lastKnownFileType = sourcecode.c.h; path = CSQLResultValue.h; sourceTree = "<group>"; };
		AAF71F9211744D93001D79EA /* CSQLResultValue.m */ = {isa = PBXFileReference; fileEncoding = 4; lastKnownFileType = sourcecode.c.objc; path = CSQLResultValue.m; sourceTree = "<group>"; };
/* End PBXFileReference section */

/* Begin PBXFrameworksBuildPhase section */
		827E36A311E21AB800684466 /* Frameworks */ = {
			isa = PBXFrameworksBuildPhase;
			buildActionMask = 2147483647;
			files = (
				827E36FD11E21EBA00684466 /* CocoaSQL-SQLite.framework in Frameworks */,
				827E36FE11E21EBA00684466 /* CocoaSQL.framework in Frameworks */,
			);
			runOnlyForDeploymentPostprocessing = 0;
		};
		827E370711E21EDB00684466 /* Frameworks */ = {
			isa = PBXFrameworksBuildPhase;
			buildActionMask = 2147483647;
			files = (
				827E371411E21EE800684466 /* CocoaSQL-MySQL.framework in Frameworks */,
				827E371511E21EE800684466 /* CocoaSQL.framework in Frameworks */,
			);
			runOnlyForDeploymentPostprocessing = 0;
		};
		827E374811E21FCD00684466 /* Frameworks */ = {
			isa = PBXFrameworksBuildPhase;
			buildActionMask = 2147483647;
			files = (
				827E375911E21FE000684466 /* CocoaSQL-PostgreSQL.framework in Frameworks */,
				827E375A11E21FE000684466 /* CocoaSQL.framework in Frameworks */,
			);
			runOnlyForDeploymentPostprocessing = 0;
		};
		827E377411E2203F00684466 /* Frameworks */ = {
			isa = PBXFrameworksBuildPhase;
			buildActionMask = 2147483647;
			files = (
				827E378611E2205900684466 /* CocoaSQL-MySQL.framework in Frameworks */,
				827E378711E2205900684466 /* CocoaSQL-PostgreSQL.framework in Frameworks */,
				827E378811E2205900684466 /* CocoaSQL-SQLite.framework in Frameworks */,
				827E378911E2205900684466 /* CocoaSQL.framework in Frameworks */,
			);
			runOnlyForDeploymentPostprocessing = 0;
		};
		82EC44D311861212006CBDF2 /* Frameworks */ = {
			isa = PBXFrameworksBuildPhase;
			buildActionMask = 2147483647;
			files = (
				82EC44DD11861290006CBDF2 /* libpq.dylib in Frameworks */,
				82EC450411861406006CBDF2 /* CocoaSQL.framework in Frameworks */,
			);
			runOnlyForDeploymentPostprocessing = 0;
		};
		82EC44F6118613A9006CBDF2 /* Frameworks */ = {
			isa = PBXFrameworksBuildPhase;
			buildActionMask = 2147483647;
			files = (
				82EC451E118614C5006CBDF2 /* CocoaSQL.framework in Frameworks */,
				82EC451F118614D9006CBDF2 /* libmysqlclient.dylib in Frameworks */,
			);
			runOnlyForDeploymentPostprocessing = 0;
		};
		82EC452C11861571006CBDF2 /* Frameworks */ = {
			isa = PBXFrameworksBuildPhase;
			buildActionMask = 2147483647;
			files = (
				82EC45351186157B006CBDF2 /* CocoaSQL.framework in Frameworks */,
				82EC4544118615AC006CBDF2 /* libsqlite3.0.dylib in Frameworks */,
			);
			runOnlyForDeploymentPostprocessing = 0;
		};
		82EE6F43116F282000885118 /* Frameworks */ = {
			isa = PBXFrameworksBuildPhase;
			buildActionMask = 2147483647;
			files = (
				82B99917116F478F00378C70 /* Cocoa.framework in Frameworks */,
				AAC3325D116F5E830097879F /* CocoaSQL.framework in Frameworks */,
			);
			runOnlyForDeploymentPostprocessing = 0;
		};
		8DC2EF560486A6940098B216 /* Frameworks */ = {
			isa = PBXFrameworksBuildPhase;
			buildActionMask = 2147483647;
			files = (
				824459FB115B750B00950BD9 /* Cocoa.framework in Frameworks */,
			);
			runOnlyForDeploymentPostprocessing = 0;
		};
/* End PBXFrameworksBuildPhase section */

/* Begin PBXGroup section */
		034768DFFF38A50411DB9C8B /* Products */ = {
			isa = PBXGroup;
			children = (
				8DC2EF5B0486A6940098B216 /* CocoaSQL.framework */,
				82EE6F45116F282000885118 /* otest */,
				82EC44D511861212006CBDF2 /* CocoaSQL-PostgreSQL.framework */,
				82EC44F8118613A9006CBDF2 /* CocoaSQL-MySQL.framework */,
				82EC452E11861571006CBDF2 /* CocoaSQL-SQLite.framework */,
				827E36A611E21AB800684466 /* CocoaSQL-Tests-SQLite.octest */,
				827E370A11E21EDB00684466 /* CocoaSQL-Tests-MySQL.octest */,
				827E374B11E21FCD00684466 /* CocoaSQL-Tests-PostgreSQL.octest */,
				827E377711E2203F00684466 /* CocoaSQL-Tests.octest */,
			);
			name = Products;
			sourceTree = "<group>";
		};
		0867D691FE84028FC02AAC07 /* CSQL */ = {
			isa = PBXGroup;
			children = (
				08FB77AEFE84172EC02AAC07 /* Classes */,
				32C88DFF0371C24200C91783 /* Other Sources */,
				089C1665FE841158C02AAC07 /* Resources */,
				0867D69AFE84028FC02AAC07 /* External Frameworks and Libraries */,
				034768DFFF38A50411DB9C8B /* Products */,
				82EC44D611861212006CBDF2 /* CocoaSQL-PostgreSQL-Info.plist */,
				82EC44F9118613A9006CBDF2 /* CocoaSQL-MySQL-Info.plist */,
				82EC452F11861571006CBDF2 /* CocoaSQL-SQLite-Info.plist */,
				827E36A711E21AB800684466 /* CocoaSQL-Tests-SQLite-Info.plist */,
				827E370C11E21EDB00684466 /* CocoaSQL-Tests-MySQL-Info.plist */,
				827E374F11E21FCD00684466 /* CocoaSQL-Tests-PostgreSQL-Info.plist */,
				827E377A11E2203F00684466 /* CocoaSQL-Tests-Info.plist */,
			);
			name = CSQL;
			sourceTree = "<group>";
		};
		0867D69AFE84028FC02AAC07 /* External Frameworks and Libraries */ = {
			isa = PBXGroup;
			children = (
				AA987E90116E5D420023E86F /* libmysqlclient.dylib */,
				828B5D9B11749B4500AB732C /* libpq.dylib */,
				823FCBB2115C1CC500F3E4E2 /* libsqlite3.0.dylib */,
				1058C7B0FEA5585E11CA2CBB /* Linked Frameworks */,
				1058C7B2FEA5585E11CA2CBB /* Other Frameworks */,
				824459FA115B750B00950BD9 /* Cocoa.framework */,
			);
			name = "External Frameworks and Libraries";
			sourceTree = "<group>";
		};
		089C1665FE841158C02AAC07 /* Resources */ = {
			isa = PBXGroup;
			children = (
				828B609C1175DBEA00AB732C /* COPYING */,
				828B609D1175DBEA00AB732C /* COPYING.LESSER */,
				8DC2EF5A0486A6940098B216 /* Info.plist */,
				089C1666FE841158C02AAC07 /* InfoPlist.strings */,
				828B609B1175DA4500AB732C /* TODO.md */,
			);
			name = Resources;
			sourceTree = "<group>";
		};
		08FB77AEFE84172EC02AAC07 /* Classes */ = {
			isa = PBXGroup;
			children = (
				821DBC9C116370520073C988 /* Test */,
				828B5C951174623F00AB732C /* Connectors */,
				82445A10115B889000950BD9 /* CocoaSQL */,
			);
			name = Classes;
			sourceTree = "<group>";
		};
		1058C7B0FEA5585E11CA2CBB /* Linked Frameworks */ = {
			isa = PBXGroup;
			children = (
			);
			name = "Linked Frameworks";
			sourceTree = "<group>";
		};
		1058C7B2FEA5585E11CA2CBB /* Other Frameworks */ = {
			isa = PBXGroup;
			children = (
				0867D69BFE84028FC02AAC07 /* Foundation.framework */,
			);
			name = "Other Frameworks";
			sourceTree = "<group>";
		};
		32C88DFF0371C24200C91783 /* Other Sources */ = {
			isa = PBXGroup;
			children = (
				32DBCF5E0370ADEE00C91783 /* CocoaSQL_Prefix.pch */,
				82EE6F34116F273A00885118 /* otest.m */,
			);
			name = "Other Sources";
			sourceTree = "<group>";
		};
		821DBC9C116370520073C988 /* Test */ = {
			isa = PBXGroup;
			children = (
				828B5DD11174A18000AB732C /* MySQL */,
				828B5DD01174A17900AB732C /* PostgreSQL */,
				828B5DCF1174A16F00AB732C /* SQLite */,
				821DBC9D116370800073C988 /* CSQLDatabaseTests.h */,
				821DBC9E116370800073C988 /* CSQLDatabaseTests.m */,
			);
			path = Test;
			sourceTree = "<group>";
		};
		82445A10115B889000950BD9 /* CocoaSQL */ = {
			isa = PBXGroup;
			children = (
				824459F2115B742A00950BD9 /* CSQLDatabase.h */,
				821DBBA811634CB30073C988 /* CSQLDatabase.m */,
				823C7C89115CCD210061ECAD /* CSQLPreparedStatement.h */,
				821E2705116B2A4100A0AFF7 /* CSQLPreparedStatement.m */,
				821DBB7911633B4E0073C988 /* NSMutableArray+CocoaSQL.h */,
				821DBB7A11633B4E0073C988 /* NSMutableArray+CocoaSQL.m */,
				821DBC4111636C100073C988 /* CocoaSQL.h */,
				824F8703116DD65100075D6F /* CSQLPreparedStatement+Protocol.h */,
				8295F28F116F8CD10053E781 /* NSError+CocoaSQL.h */,
				8295F290116F8CD10053E781 /* NSError+CocoaSQL.m */,
				AAF71F9111744D93001D79EA /* CSQLResultValue.h */,
				AAF71F9211744D93001D79EA /* CSQLResultValue.m */,
				AA7A94CF1176F1E700643185 /* CSQLResultCallback.h */,
				AA7A94D01176F1E700643185 /* CSQLResultCallback.m */,
				82EC45C51186D964006CBDF2 /* CocoaSQLErrors.h */,
			);
			name = CocoaSQL;
			path = Source/CocoaSQL;
			sourceTree = "<group>";
		};
		82445A11115B889E00950BD9 /* SQLite */ = {
			isa = PBXGroup;
			children = (
				82445A53115B9A6400950BD9 /* CSSQLiteDatabase.h */,
				82445A54115B9A6400950BD9 /* CSSQLiteDatabase.m */,
				823C7CC4115CE4DA0061ECAD /* CSSQLitePreparedStatement.h */,
				823C7CC5115CE4DA0061ECAD /* CSSQLitePreparedStatement.m */,
			);
			name = SQLite;
			path = Source/SQLite;
			sourceTree = "<group>";
		};
		82445A43115B93F900950BD9 /* MySQL */ = {
			isa = PBXGroup;
			children = (
				AA2B20DD1165CDD600F4DC57 /* CSMySQLDatabase.h */,
				AA2B20DE1165CDD600F4DC57 /* CSMySQLDatabase.m */,
				AA3698AA116B1C060073A0EB /* CSMySQLPreparedStatement.h */,
				AA3698AB116B1C060073A0EB /* CSMySQLPreparedStatement.m */,
			);
			name = MySQL;
			sourceTree = "<group>";
		};
		828B5C8C117461EA00AB732C /* PostgreSQL */ = {
			isa = PBXGroup;
			children = (
				828B5C8D1174621B00AB732C /* CSPostgreSQLDatabase.h */,
				828B5C8E1174621B00AB732C /* CSPostgreSQLDatabase.m */,
				828B5C911174623000AB732C /* CSPostgreSQLPreparedStatement.h */,
				828B5C921174623000AB732C /* CSPostgreSQLPreparedStatement.m */,
				82EC441F1185C939006CBDF2 /* CSPostgreSQLRow.h */,
				82EC44201185C939006CBDF2 /* CSPostgreSQLRow.m */,
				82EC44231185C998006CBDF2 /* CSPostgreSQLBindsStorage.h */,
				82EC44241185C998006CBDF2 /* CSPostgreSQLBindsStorage.m */,
				82EC44311185CA69006CBDF2 /* PostgreSQLDataType.h */,
			);
			name = PostgreSQL;
			path = Source/PostgreSQL;
			sourceTree = "<group>";
		};
		828B5C951174623F00AB732C /* Connectors */ = {
			isa = PBXGroup;
			children = (
				828B5C8C117461EA00AB732C /* PostgreSQL */,
				82445A43115B93F900950BD9 /* MySQL */,
				82445A11115B889E00950BD9 /* SQLite */,
			);
			name = Connectors;
			sourceTree = "<group>";
		};
		828B5DCF1174A16F00AB732C /* SQLite */ = {
			isa = PBXGroup;
			children = (
				8295F34B117205540053E781 /* CSSQLiteDatabaseTests.h */,
				8295F34C117205540053E781 /* CSSQLiteDatabaseTests.m */,
			);
			name = SQLite;
			sourceTree = "<group>";
		};
		828B5DD01174A17900AB732C /* PostgreSQL */ = {
			isa = PBXGroup;
			children = (
				828B5DD21174A1BF00AB732C /* CSPostgreSQLDatabaseTests.h */,
				828B5DD31174A1BF00AB732C /* CSPostgreSQLDatabaseTests.m */,
			);
			name = PostgreSQL;
			sourceTree = "<group>";
		};
		828B5DD11174A18000AB732C /* MySQL */ = {
			isa = PBXGroup;
			children = (
				AA02280F116FCD280005BF0A /* CMySQLDatabaseTests.h */,
				AA022810116FCD280005BF0A /* CMySQLDatabaseTests.m */,
			);
			name = MySQL;
			sourceTree = "<group>";
		};
/* End PBXGroup section */

/* Begin PBXHeadersBuildPhase section */
		82EC44D011861212006CBDF2 /* Headers */ = {
			isa = PBXHeadersBuildPhase;
			buildActionMask = 2147483647;
			files = (
				82EC44E211861300006CBDF2 /* CSPostgreSQLDatabase.h in Headers */,
				82EC44E311861300006CBDF2 /* CSPostgreSQLPreparedStatement.h in Headers */,
				82EC44E411861300006CBDF2 /* CSPostgreSQLRow.h in Headers */,
				82EC44E511861300006CBDF2 /* CSPostgreSQLBindsStorage.h in Headers */,
				82EC44E611861300006CBDF2 /* PostgreSQLDataType.h in Headers */,
			);
			runOnlyForDeploymentPostprocessing = 0;
		};
		82EC44F3118613A9006CBDF2 /* Headers */ = {
			isa = PBXHeadersBuildPhase;
			buildActionMask = 2147483647;
			files = (
				82EC451A118614AB006CBDF2 /* CSMySQLDatabase.h in Headers */,
				82EC451B118614AB006CBDF2 /* CSMySQLPreparedStatement.h in Headers */,
			);
			runOnlyForDeploymentPostprocessing = 0;
		};
		82EC452911861571006CBDF2 /* Headers */ = {
			isa = PBXHeadersBuildPhase;
			buildActionMask = 2147483647;
			files = (
				82EC454A1186160F006CBDF2 /* CSSQLiteDatabase.h in Headers */,
				82EC454B1186160F006CBDF2 /* CSSQLitePreparedStatement.h in Headers */,
			);
			runOnlyForDeploymentPostprocessing = 0;
		};
		8DC2EF500486A6940098B216 /* Headers */ = {
			isa = PBXHeadersBuildPhase;
			buildActionMask = 2147483647;
			files = (
				824459F4115B742A00950BD9 /* CSQLDatabase.h in Headers */,
				823C7C8A115CCD210061ECAD /* CSQLPreparedStatement.h in Headers */,
				821DBB7B11633B4E0073C988 /* NSMutableArray+CocoaSQL.h in Headers */,
				821DBC4211636C100073C988 /* CocoaSQL.h in Headers */,
				824F8704116DD65100075D6F /* CSQLPreparedStatement+Protocol.h in Headers */,
				8295F291116F8CD10053E781 /* NSError+CocoaSQL.h in Headers */,
				AAA449B21174FED6006143D9 /* CSQLResultValue.h in Headers */,
				AA7A94D11176F1E700643185 /* CSQLResultCallback.h in Headers */,
				82EC45C71186D964006CBDF2 /* CocoaSQLErrors.h in Headers */,
			);
			runOnlyForDeploymentPostprocessing = 0;
		};
/* End PBXHeadersBuildPhase section */

/* Begin PBXNativeTarget section */
		827E36A511E21AB800684466 /* CocoaSQL-Tests-SQLite */ = {
			isa = PBXNativeTarget;
			buildConfigurationList = 827E36AA11E21AB800684466 /* Build configuration list for PBXNativeTarget "CocoaSQL-Tests-SQLite" */;
			buildPhases = (
				827E36A111E21AB800684466 /* Resources */,
				827E36A211E21AB800684466 /* Sources */,
				827E36A311E21AB800684466 /* Frameworks */,
				827E36A411E21AB800684466 /* ShellScript */,
			);
			buildRules = (
			);
			dependencies = (
				827E36E511E21E0900684466 /* PBXTargetDependency */,
				827E36AD11E21ACB00684466 /* PBXTargetDependency */,
				827E36AF11E21AD400684466 /* PBXTargetDependency */,
			);
			name = "CocoaSQL-Tests-SQLite";
			productName = "CocoaSQL-Tests-SQLite";
			productReference = 827E36A611E21AB800684466 /* CocoaSQL-Tests-SQLite.octest */;
			productType = "com.apple.product-type.bundle";
		};
		827E370911E21EDB00684466 /* CocoaSQL-Tests-MySQL */ = {
			isa = PBXNativeTarget;
			buildConfigurationList = 827E370F11E21EDB00684466 /* Build configuration list for PBXNativeTarget "CocoaSQL-Tests-MySQL" */;
			buildPhases = (
				827E370511E21EDB00684466 /* Resources */,
				827E370611E21EDB00684466 /* Sources */,
				827E370711E21EDB00684466 /* Frameworks */,
				827E370811E21EDB00684466 /* ShellScript */,
			);
			buildRules = (
			);
			dependencies = (
				827E371111E21EE300684466 /* PBXTargetDependency */,
				827E371311E21EE300684466 /* PBXTargetDependency */,
				827E373411E21F5D00684466 /* PBXTargetDependency */,
			);
			name = "CocoaSQL-Tests-MySQL";
			productName = "CocoaSQL-Tests-MySQL";
			productReference = 827E370A11E21EDB00684466 /* CocoaSQL-Tests-MySQL.octest */;
			productType = "com.apple.product-type.bundle";
		};
		827E374A11E21FCD00684466 /* CocoaSQL-Tests-PostgreSQL */ = {
			isa = PBXNativeTarget;
			buildConfigurationList = 827E375211E21FCD00684466 /* Build configuration list for PBXNativeTarget "CocoaSQL-Tests-PostgreSQL" */;
			buildPhases = (
				827E374611E21FCD00684466 /* Resources */,
				827E374711E21FCD00684466 /* Sources */,
				827E374811E21FCD00684466 /* Frameworks */,
				827E374911E21FCD00684466 /* ShellScript */,
			);
			buildRules = (
			);
			dependencies = (
				827E375411E21FDA00684466 /* PBXTargetDependency */,
				827E375611E21FDA00684466 /* PBXTargetDependency */,
				827E375811E21FDA00684466 /* PBXTargetDependency */,
			);
			name = "CocoaSQL-Tests-PostgreSQL";
			productName = "CocoaSQL-Tests-PostgreSQL";
			productReference = 827E374B11E21FCD00684466 /* CocoaSQL-Tests-PostgreSQL.octest */;
			productType = "com.apple.product-type.bundle";
		};
		827E377611E2203F00684466 /* CocoaSQL-Tests */ = {
			isa = PBXNativeTarget;
			buildConfigurationList = 827E377D11E2203F00684466 /* Build configuration list for PBXNativeTarget "CocoaSQL-Tests" */;
			buildPhases = (
				827E377211E2203F00684466 /* Resources */,
				827E377311E2203F00684466 /* Sources */,
				827E377411E2203F00684466 /* Frameworks */,
				827E377511E2203F00684466 /* ShellScript */,
			);
			buildRules = (
			);
			dependencies = (
				827E378111E2205100684466 /* PBXTargetDependency */,
				827E378311E2205100684466 /* PBXTargetDependency */,
				827E378511E2205100684466 /* PBXTargetDependency */,
				827E377F11E2205100684466 /* PBXTargetDependency */,
			);
			name = "CocoaSQL-Tests";
			productName = "CocoaSQL-Tests";
			productReference = 827E377711E2203F00684466 /* CocoaSQL-Tests.octest */;
			productType = "com.apple.product-type.bundle";
		};
		82EC44D411861212006CBDF2 /* CocoaSQL-PostgreSQL */ = {
			isa = PBXNativeTarget;
			buildConfigurationList = 82EC44D911861213006CBDF2 /* Build configuration list for PBXNativeTarget "CocoaSQL-PostgreSQL" */;
			buildPhases = (
				82EC44D011861212006CBDF2 /* Headers */,
				82EC44D111861212006CBDF2 /* Resources */,
				82EC44D211861212006CBDF2 /* Sources */,
				82EC44D311861212006CBDF2 /* Frameworks */,
			);
			buildRules = (
			);
			dependencies = (
				82EC4501118613EB006CBDF2 /* PBXTargetDependency */,
			);
			name = "CocoaSQL-PostgreSQL";
			productName = "CocoaSQL-PostgreSQL";
			productReference = 82EC44D511861212006CBDF2 /* CocoaSQL-PostgreSQL.framework */;
			productType = "com.apple.product-type.framework";
		};
		82EC44F7118613A9006CBDF2 /* CocoaSQL-MySQL */ = {
			isa = PBXNativeTarget;
			buildConfigurationList = 82EC44FC118613A9006CBDF2 /* Build configuration list for PBXNativeTarget "CocoaSQL-MySQL" */;
			buildPhases = (
				82EC44F3118613A9006CBDF2 /* Headers */,
				82EC44F4118613A9006CBDF2 /* Resources */,
				82EC44F5118613A9006CBDF2 /* Sources */,
				82EC44F6118613A9006CBDF2 /* Frameworks */,
			);
			buildRules = (
			);
			dependencies = (
				82EC44FE118613B1006CBDF2 /* PBXTargetDependency */,
			);
			name = "CocoaSQL-MySQL";
			productName = "CocoaSQL-MySQL";
			productReference = 82EC44F8118613A9006CBDF2 /* CocoaSQL-MySQL.framework */;
			productType = "com.apple.product-type.framework";
		};
		82EC452D11861571006CBDF2 /* CocoaSQL-SQLite */ = {
			isa = PBXNativeTarget;
			buildConfigurationList = 82EC453211861571006CBDF2 /* Build configuration list for PBXNativeTarget "CocoaSQL-SQLite" */;
			buildPhases = (
				82EC452911861571006CBDF2 /* Headers */,
				82EC452A11861571006CBDF2 /* Resources */,
				82EC452B11861571006CBDF2 /* Sources */,
				82EC452C11861571006CBDF2 /* Frameworks */,
			);
			buildRules = (
			);
			dependencies = (
				82EC453411861577006CBDF2 /* PBXTargetDependency */,
			);
			name = "CocoaSQL-SQLite";
			productName = "CocoaSQL-SQLite";
			productReference = 82EC452E11861571006CBDF2 /* CocoaSQL-SQLite.framework */;
			productType = "com.apple.product-type.framework";
		};
		82EE6F44116F282000885118 /* otest */ = {
			isa = PBXNativeTarget;
			buildConfigurationList = 82EE6F49116F283F00885118 /* Build configuration list for PBXNativeTarget "otest" */;
			buildPhases = (
				82EE6F42116F282000885118 /* Sources */,
				82EE6F43116F282000885118 /* Frameworks */,
			);
			buildRules = (
			);
			dependencies = (
				82EC45941186177E006CBDF2 /* PBXTargetDependency */,
			);
			name = otest;
			productName = otest;
			productReference = 82EE6F45116F282000885118 /* otest */;
			productType = "com.apple.product-type.tool";
		};
		8DC2EF4F0486A6940098B216 /* CocoaSQL */ = {
			isa = PBXNativeTarget;
			buildConfigurationList = 1DEB91AD08733DA50010E9CD /* Build configuration list for PBXNativeTarget "CocoaSQL" */;
			buildPhases = (
				8DC2EF500486A6940098B216 /* Headers */,
				8DC2EF520486A6940098B216 /* Resources */,
				8DC2EF540486A6940098B216 /* Sources */,
				8DC2EF560486A6940098B216 /* Frameworks */,
			);
			buildRules = (
			);
			dependencies = (
			);
			name = CocoaSQL;
			productInstallPath = "$(HOME)/Library/Frameworks";
			productName = CSQL;
			productReference = 8DC2EF5B0486A6940098B216 /* CocoaSQL.framework */;
			productType = "com.apple.product-type.framework";
		};
/* End PBXNativeTarget section */

/* Begin PBXProject section */
		0867D690FE84028FC02AAC07 /* Project object */ = {
			isa = PBXProject;
			attributes = {
				LastUpgradeCheck = 0430;
				ORGANIZATIONNAME = CocoaSQL.org;
			};
			buildConfigurationList = 1DEB91B108733DA50010E9CD /* Build configuration list for PBXProject "CocoaSQL" */;
			compatibilityVersion = "Xcode 3.1";
			developmentRegion = English;
			hasScannedForEncodings = 1;
			knownRegions = (
				en,
			);
			mainGroup = 0867D691FE84028FC02AAC07 /* CSQL */;
			productRefGroup = 034768DFFF38A50411DB9C8B /* Products */;
			projectDirPath = "";
			projectRoot = "";
			targets = (
				8DC2EF4F0486A6940098B216 /* CocoaSQL */,
				82EC44D411861212006CBDF2 /* CocoaSQL-PostgreSQL */,
				82EC44F7118613A9006CBDF2 /* CocoaSQL-MySQL */,
				82EC452D11861571006CBDF2 /* CocoaSQL-SQLite */,
				827E36A511E21AB800684466 /* CocoaSQL-Tests-SQLite */,
				827E370911E21EDB00684466 /* CocoaSQL-Tests-MySQL */,
				827E374A11E21FCD00684466 /* CocoaSQL-Tests-PostgreSQL */,
				827E377611E2203F00684466 /* CocoaSQL-Tests */,
				82EE6F44116F282000885118 /* otest */,
			);
		};
/* End PBXProject section */

/* Begin PBXResourcesBuildPhase section */
		827E36A111E21AB800684466 /* Resources */ = {
			isa = PBXResourcesBuildPhase;
			buildActionMask = 2147483647;
			files = (
			);
			runOnlyForDeploymentPostprocessing = 0;
		};
		827E370511E21EDB00684466 /* Resources */ = {
			isa = PBXResourcesBuildPhase;
			buildActionMask = 2147483647;
			files = (
			);
			runOnlyForDeploymentPostprocessing = 0;
		};
		827E374611E21FCD00684466 /* Resources */ = {
			isa = PBXResourcesBuildPhase;
			buildActionMask = 2147483647;
			files = (
			);
			runOnlyForDeploymentPostprocessing = 0;
		};
		827E377211E2203F00684466 /* Resources */ = {
			isa = PBXResourcesBuildPhase;
			buildActionMask = 2147483647;
			files = (
			);
			runOnlyForDeploymentPostprocessing = 0;
		};
		82EC44D111861212006CBDF2 /* Resources */ = {
			isa = PBXResourcesBuildPhase;
			buildActionMask = 2147483647;
			files = (
				82EC455611861650006CBDF2 /* libpq.dylib in Resources */,
			);
			runOnlyForDeploymentPostprocessing = 0;
		};
		82EC44F4118613A9006CBDF2 /* Resources */ = {
			isa = PBXResourcesBuildPhase;
			buildActionMask = 2147483647;
			files = (
				82EC455511861647006CBDF2 /* libmysqlclient.dylib in Resources */,
			);
			runOnlyForDeploymentPostprocessing = 0;
		};
		82EC452A11861571006CBDF2 /* Resources */ = {
			isa = PBXResourcesBuildPhase;
			buildActionMask = 2147483647;
			files = (
				82EC45541186163F006CBDF2 /* libsqlite3.0.dylib in Resources */,
			);
			runOnlyForDeploymentPostprocessing = 0;
		};
		8DC2EF520486A6940098B216 /* Resources */ = {
			isa = PBXResourcesBuildPhase;
			buildActionMask = 2147483647;
			files = (
				8DC2EF530486A6940098B216 /* InfoPlist.strings in Resources */,
				828B609E1175DBEA00AB732C /* COPYING in Resources */,
				828B609F1175DBEA00AB732C /* COPYING.LESSER in Resources */,
			);
			runOnlyForDeploymentPostprocessing = 0;
		};
/* End PBXResourcesBuildPhase section */

/* Begin PBXShellScriptBuildPhase section */
		827E36A411E21AB800684466 /* ShellScript */ = {
			isa = PBXShellScriptBuildPhase;
			buildActionMask = 2147483647;
			files = (
			);
			inputPaths = (
			);
			outputPaths = (
			);
			runOnlyForDeploymentPostprocessing = 0;
			shellPath = /bin/sh;
			shellScript = "# Run the unit tests in this test bundle.\n\"${SYSTEM_DEVELOPER_DIR}/Tools/RunUnitTests\"\n";
		};
		827E370811E21EDB00684466 /* ShellScript */ = {
			isa = PBXShellScriptBuildPhase;
			buildActionMask = 2147483647;
			files = (
			);
			inputPaths = (
			);
			outputPaths = (
			);
			runOnlyForDeploymentPostprocessing = 0;
			shellPath = /bin/sh;
			shellScript = "# Run the unit tests in this test bundle.\n\"${SYSTEM_DEVELOPER_DIR}/Tools/RunUnitTests\"\n";
		};
		827E374911E21FCD00684466 /* ShellScript */ = {
			isa = PBXShellScriptBuildPhase;
			buildActionMask = 2147483647;
			files = (
			);
			inputPaths = (
			);
			outputPaths = (
			);
			runOnlyForDeploymentPostprocessing = 0;
			shellPath = /bin/sh;
			shellScript = "# Run the unit tests in this test bundle.\n\"${SYSTEM_DEVELOPER_DIR}/Tools/RunUnitTests\"\n";
		};
		827E377511E2203F00684466 /* ShellScript */ = {
			isa = PBXShellScriptBuildPhase;
			buildActionMask = 2147483647;
			files = (
			);
			inputPaths = (
			);
			outputPaths = (
			);
			runOnlyForDeploymentPostprocessing = 0;
			shellPath = /bin/sh;
			shellScript = "# Run the unit tests in this test bundle.\n\"${SYSTEM_DEVELOPER_DIR}/Tools/RunUnitTests\"\n";
		};
/* End PBXShellScriptBuildPhase section */

/* Begin PBXSourcesBuildPhase section */
		827E36A211E21AB800684466 /* Sources */ = {
			isa = PBXSourcesBuildPhase;
			buildActionMask = 2147483647;
			files = (
				827E36BA11E21B5600684466 /* CSSQLiteDatabaseTests.m in Sources */,
			);
			runOnlyForDeploymentPostprocessing = 0;
		};
		827E370611E21EDB00684466 /* Sources */ = {
			isa = PBXSourcesBuildPhase;
			buildActionMask = 2147483647;
			files = (
				827E373A11E21F7A00684466 /* CMySQLDatabaseTests.m in Sources */,
			);
			runOnlyForDeploymentPostprocessing = 0;
		};
		827E374711E21FCD00684466 /* Sources */ = {
			isa = PBXSourcesBuildPhase;
			buildActionMask = 2147483647;
			files = (
				827E375D11E21FEF00684466 /* CSPostgreSQLDatabaseTests.m in Sources */,
			);
			runOnlyForDeploymentPostprocessing = 0;
		};
		827E377311E2203F00684466 /* Sources */ = {
			isa = PBXSourcesBuildPhase;
			buildActionMask = 2147483647;
			files = (
			);
			runOnlyForDeploymentPostprocessing = 0;
		};
		82EC44D211861212006CBDF2 /* Sources */ = {
			isa = PBXSourcesBuildPhase;
			buildActionMask = 2147483647;
			files = (
				82EC44DE118612C5006CBDF2 /* CSPostgreSQLBindsStorage.m in Sources */,
				82EC44DF118612C5006CBDF2 /* CSPostgreSQLDatabase.m in Sources */,
				82EC44E0118612C5006CBDF2 /* CSPostgreSQLPreparedStatement.m in Sources */,
				82EC44E1118612C5006CBDF2 /* CSPostgreSQLRow.m in Sources */,
			);
			runOnlyForDeploymentPostprocessing = 0;
		};
		82EC44F5118613A9006CBDF2 /* Sources */ = {
			isa = PBXSourcesBuildPhase;
			buildActionMask = 2147483647;
			files = (
				82EC451C118614B3006CBDF2 /* CSMySQLDatabase.m in Sources */,
				82EC451D118614B3006CBDF2 /* CSMySQLPreparedStatement.m in Sources */,
			);
			runOnlyForDeploymentPostprocessing = 0;
		};
		82EC452B11861571006CBDF2 /* Sources */ = {
			isa = PBXSourcesBuildPhase;
			buildActionMask = 2147483647;
			files = (
				82EC454C1186161B006CBDF2 /* CSSQLiteDatabase.m in Sources */,
				82EC454D1186161B006CBDF2 /* CSSQLitePreparedStatement.m in Sources */,
			);
			runOnlyForDeploymentPostprocessing = 0;
		};
		82EE6F42116F282000885118 /* Sources */ = {
			isa = PBXSourcesBuildPhase;
			buildActionMask = 2147483647;
			files = (
				82EE6F4A116F284300885118 /* otest.m in Sources */,
			);
			runOnlyForDeploymentPostprocessing = 0;
		};
		8DC2EF540486A6940098B216 /* Sources */ = {
			isa = PBXSourcesBuildPhase;
			buildActionMask = 2147483647;
			files = (
				821DBBA911634CB30073C988 /* CSQLDatabase.m in Sources */,
				AA62F97E116C7B3200C4FE4A /* CSQLPreparedStatement.m in Sources */,
				821DBB7C11633B4E0073C988 /* NSMutableArray+CocoaSQL.m in Sources */,
				8295F292116F8CD10053E781 /* NSError+CocoaSQL.m in Sources */,
				AAA449B31174FED6006143D9 /* CSQLResultValue.m in Sources */,
				AA7A94D21176F1E700643185 /* CSQLResultCallback.m in Sources */,
			);
			runOnlyForDeploymentPostprocessing = 0;
		};
/* End PBXSourcesBuildPhase section */

/* Begin PBXTargetDependency section */
		827E36AD11E21ACB00684466 /* PBXTargetDependency */ = {
			isa = PBXTargetDependency;
			target = 82EC452D11861571006CBDF2 /* CocoaSQL-SQLite */;
			targetProxy = 827E36AC11E21ACB00684466 /* PBXContainerItemProxy */;
		};
		827E36AF11E21AD400684466 /* PBXTargetDependency */ = {
			isa = PBXTargetDependency;
			target = 82EE6F44116F282000885118 /* otest */;
			targetProxy = 827E36AE11E21AD400684466 /* PBXContainerItemProxy */;
		};
		827E36E511E21E0900684466 /* PBXTargetDependency */ = {
			isa = PBXTargetDependency;
			target = 8DC2EF4F0486A6940098B216 /* CocoaSQL */;
			targetProxy = 827E36E411E21E0900684466 /* PBXContainerItemProxy */;
		};
		827E371111E21EE300684466 /* PBXTargetDependency */ = {
			isa = PBXTargetDependency;
			target = 8DC2EF4F0486A6940098B216 /* CocoaSQL */;
			targetProxy = 827E371011E21EE300684466 /* PBXContainerItemProxy */;
		};
		827E371311E21EE300684466 /* PBXTargetDependency */ = {
			isa = PBXTargetDependency;
			target = 82EC44F7118613A9006CBDF2 /* CocoaSQL-MySQL */;
			targetProxy = 827E371211E21EE300684466 /* PBXContainerItemProxy */;
		};
		827E373411E21F5D00684466 /* PBXTargetDependency */ = {
			isa = PBXTargetDependency;
			target = 82EE6F44116F282000885118 /* otest */;
			targetProxy = 827E373311E21F5D00684466 /* PBXContainerItemProxy */;
		};
		827E375411E21FDA00684466 /* PBXTargetDependency */ = {
			isa = PBXTargetDependency;
			target = 8DC2EF4F0486A6940098B216 /* CocoaSQL */;
			targetProxy = 827E375311E21FDA00684466 /* PBXContainerItemProxy */;
		};
		827E375611E21FDA00684466 /* PBXTargetDependency */ = {
			isa = PBXTargetDependency;
			target = 82EC44D411861212006CBDF2 /* CocoaSQL-PostgreSQL */;
			targetProxy = 827E375511E21FDA00684466 /* PBXContainerItemProxy */;
		};
		827E375811E21FDA00684466 /* PBXTargetDependency */ = {
			isa = PBXTargetDependency;
			target = 82EE6F44116F282000885118 /* otest */;
			targetProxy = 827E375711E21FDA00684466 /* PBXContainerItemProxy */;
		};
		827E377F11E2205100684466 /* PBXTargetDependency */ = {
			isa = PBXTargetDependency;
			target = 82EE6F44116F282000885118 /* otest */;
			targetProxy = 827E377E11E2205100684466 /* PBXContainerItemProxy */;
		};
		827E378111E2205100684466 /* PBXTargetDependency */ = {
			isa = PBXTargetDependency;
			target = 827E36A511E21AB800684466 /* CocoaSQL-Tests-SQLite */;
			targetProxy = 827E378011E2205100684466 /* PBXContainerItemProxy */;
		};
		827E378311E2205100684466 /* PBXTargetDependency */ = {
			isa = PBXTargetDependency;
			target = 827E370911E21EDB00684466 /* CocoaSQL-Tests-MySQL */;
			targetProxy = 827E378211E2205100684466 /* PBXContainerItemProxy */;
		};
		827E378511E2205100684466 /* PBXTargetDependency */ = {
			isa = PBXTargetDependency;
			target = 827E374A11E21FCD00684466 /* CocoaSQL-Tests-PostgreSQL */;
			targetProxy = 827E378411E2205100684466 /* PBXContainerItemProxy */;
		};
		82EC44FE118613B1006CBDF2 /* PBXTargetDependency */ = {
			isa = PBXTargetDependency;
			target = 8DC2EF4F0486A6940098B216 /* CocoaSQL */;
			targetProxy = 82EC44FD118613B1006CBDF2 /* PBXContainerItemProxy */;
		};
		82EC4501118613EB006CBDF2 /* PBXTargetDependency */ = {
			isa = PBXTargetDependency;
			target = 8DC2EF4F0486A6940098B216 /* CocoaSQL */;
			targetProxy = 82EC4500118613EB006CBDF2 /* PBXContainerItemProxy */;
		};
		82EC453411861577006CBDF2 /* PBXTargetDependency */ = {
			isa = PBXTargetDependency;
			target = 8DC2EF4F0486A6940098B216 /* CocoaSQL */;
			targetProxy = 82EC453311861577006CBDF2 /* PBXContainerItemProxy */;
		};
		82EC45941186177E006CBDF2 /* PBXTargetDependency */ = {
			isa = PBXTargetDependency;
			target = 8DC2EF4F0486A6940098B216 /* CocoaSQL */;
			targetProxy = 82EC45931186177E006CBDF2 /* PBXContainerItemProxy */;
		};
/* End PBXTargetDependency section */

/* Begin PBXVariantGroup section */
		089C1666FE841158C02AAC07 /* InfoPlist.strings */ = {
			isa = PBXVariantGroup;
			children = (
				089C1667FE841158C02AAC07 /* English */,
			);
			name = InfoPlist.strings;
			sourceTree = "<group>";
		};
/* End PBXVariantGroup section */

/* Begin XCBuildConfiguration section */
		1DEB91AE08733DA50010E9CD /* Debug */ = {
			isa = XCBuildConfiguration;
			buildSettings = {
				ALWAYS_SEARCH_USER_PATHS = NO;
				COPY_PHASE_STRIP = NO;
				DYLIB_COMPATIBILITY_VERSION = 1;
				DYLIB_CURRENT_VERSION = 1;
				FRAMEWORK_VERSION = A;
				GCC_DYNAMIC_NO_PIC = NO;
				GCC_ENABLE_FIX_AND_CONTINUE = YES;
				GCC_MODEL_TUNING = G5;
				GCC_OPTIMIZATION_LEVEL = 0;
				GCC_PRECOMPILE_PREFIX_HEADER = YES;
				GCC_PREFIX_HEADER = CocoaSQL_Prefix.pch;
				HEADER_SEARCH_PATHS = (
					"$(inherited)",
					"\"$(SRCROOT)\"",
				);
				INFOPLIST_FILE = Info.plist;
				INSTALL_PATH = "$(HOME)/Library/Frameworks";
				LIBRARY_SEARCH_PATHS = (
					"$(inherited)",
					"\"$(SRCROOT)\"",
				);
				PRODUCT_NAME = CocoaSQL;
				WRAPPER_EXTENSION = framework;
			};
			name = Debug;
		};
		1DEB91AF08733DA50010E9CD /* Release */ = {
			isa = XCBuildConfiguration;
			buildSettings = {
				ALWAYS_SEARCH_USER_PATHS = NO;
				DEBUG_INFORMATION_FORMAT = "dwarf-with-dsym";
				DYLIB_COMPATIBILITY_VERSION = 1;
				DYLIB_CURRENT_VERSION = 1;
				FRAMEWORK_VERSION = A;
				GCC_MODEL_TUNING = G5;
				GCC_PRECOMPILE_PREFIX_HEADER = YES;
				GCC_PREFIX_HEADER = CocoaSQL_Prefix.pch;
				INFOPLIST_FILE = Info.plist;
				INSTALL_PATH = "$(HOME)/Library/Frameworks";
				LIBRARY_SEARCH_PATHS = (
					"$(inherited)",
					"\"$(SRCROOT)\"",
					/opt/local/lib/mysql5/mysql,
				);
				ONLY_ACTIVE_ARCH = YES;
				PRODUCT_NAME = CocoaSQL;
				WRAPPER_EXTENSION = framework;
			};
			name = Release;
		};
		1DEB91B208733DA50010E9CD /* Debug */ = {
			isa = XCBuildConfiguration;
			buildSettings = {
				ARCHS = "$(ARCHS_STANDARD_32_64_BIT)";
				GCC_C_LANGUAGE_STANDARD = gnu99;
				GCC_ENABLE_OBJC_GC = supported;
				GCC_OPTIMIZATION_LEVEL = 0;
				GCC_WARN_ABOUT_RETURN_TYPE = YES;
				GCC_WARN_UNUSED_VARIABLE = YES;
				HEADER_SEARCH_PATHS = (
					/opt/local/include,
					/opt/local/include/mysql5/mysql,
					/opt/local/include/postgresql84,
				);
				LIBRARY_SEARCH_PATHS = "/opt/local/lib/**";
				ONLY_ACTIVE_ARCH = YES;
				PREBINDING = NO;
				RUN_CLANG_STATIC_ANALYZER = YES;
				SDKROOT = macosx10.6;
				VALID_ARCHS = "i386 ppc ppc64 ppc7400 ppc970 x86_64";
			};
			name = Debug;
		};
		1DEB91B308733DA50010E9CD /* Release */ = {
			isa = XCBuildConfiguration;
			buildSettings = {
				ARCHS = "$(ARCHS_STANDARD_32_64_BIT)";
				GCC_C_LANGUAGE_STANDARD = gnu99;
				GCC_WARN_ABOUT_RETURN_TYPE = YES;
				GCC_WARN_UNUSED_VARIABLE = YES;
				HEADER_SEARCH_PATHS = "/opt/local/include/**";
				LIBRARY_SEARCH_PATHS = "/opt/local/lib/**";
				ONLY_ACTIVE_ARCH = YES;
				PREBINDING = NO;
				RUN_CLANG_STATIC_ANALYZER = YES;
				SDKROOT = macosx10.6;
			};
			name = Release;
		};
		827E36A811E21AB800684466 /* Debug */ = {
			isa = XCBuildConfiguration;
			buildSettings = {
				ALWAYS_SEARCH_USER_PATHS = NO;
				COPY_PHASE_STRIP = NO;
				FRAMEWORK_SEARCH_PATHS = "$(DEVELOPER_LIBRARY_DIR)/Frameworks";
				GCC_DYNAMIC_NO_PIC = NO;
				GCC_ENABLE_FIX_AND_CONTINUE = NO;
				GCC_ENABLE_OBJC_EXCEPTIONS = YES;
				GCC_MODEL_TUNING = G5;
				GCC_OPTIMIZATION_LEVEL = 0;
				GCC_PRECOMPILE_PREFIX_HEADER = YES;
				GCC_PREFIX_HEADER = "$(SYSTEM_LIBRARY_DIR)/Frameworks/Cocoa.framework/Headers/Cocoa.h";
				INFOPLIST_FILE = "CocoaSQL-Tests-SQLite-Info.plist";
				INSTALL_PATH = "$(USER_LIBRARY_DIR)/Bundles";
				OTHER_LDFLAGS = (
					"-framework",
					Cocoa,
					"-framework",
					SenTestingKit,
				);
				PREBINDING = NO;
				PRODUCT_NAME = "CocoaSQL-Tests-SQLite";
				WRAPPER_EXTENSION = octest;
			};
			name = Debug;
		};
		827E36A911E21AB800684466 /* Release */ = {
			isa = XCBuildConfiguration;
			buildSettings = {
				ALWAYS_SEARCH_USER_PATHS = NO;
				COPY_PHASE_STRIP = YES;
				DEBUG_INFORMATION_FORMAT = "dwarf-with-dsym";
				FRAMEWORK_SEARCH_PATHS = "$(DEVELOPER_LIBRARY_DIR)/Frameworks";
				GCC_ENABLE_FIX_AND_CONTINUE = NO;
				GCC_ENABLE_OBJC_EXCEPTIONS = YES;
				GCC_MODEL_TUNING = G5;
				GCC_PRECOMPILE_PREFIX_HEADER = YES;
				GCC_PREFIX_HEADER = "$(SYSTEM_LIBRARY_DIR)/Frameworks/Cocoa.framework/Headers/Cocoa.h";
				INFOPLIST_FILE = "CocoaSQL-Tests-SQLite-Info.plist";
				INSTALL_PATH = "$(USER_LIBRARY_DIR)/Bundles";
				OTHER_LDFLAGS = (
					"-framework",
					Cocoa,
					"-framework",
					SenTestingKit,
				);
				PREBINDING = NO;
				PRODUCT_NAME = "CocoaSQL-Tests-SQLite";
				WRAPPER_EXTENSION = octest;
				ZERO_LINK = NO;
			};
			name = Release;
		};
		827E370D11E21EDB00684466 /* Debug */ = {
			isa = XCBuildConfiguration;
			buildSettings = {
				ALWAYS_SEARCH_USER_PATHS = NO;
				COPY_PHASE_STRIP = NO;
				FRAMEWORK_SEARCH_PATHS = "$(DEVELOPER_LIBRARY_DIR)/Frameworks";
				GCC_DYNAMIC_NO_PIC = NO;
				GCC_ENABLE_FIX_AND_CONTINUE = NO;
				GCC_ENABLE_OBJC_EXCEPTIONS = YES;
				GCC_MODEL_TUNING = G5;
				GCC_OPTIMIZATION_LEVEL = 0;
				GCC_PRECOMPILE_PREFIX_HEADER = YES;
				GCC_PREFIX_HEADER = "$(SYSTEM_LIBRARY_DIR)/Frameworks/Cocoa.framework/Headers/Cocoa.h";
				INFOPLIST_FILE = "CocoaSQL-Tests-MySQL-Info.plist";
				INSTALL_PATH = "$(USER_LIBRARY_DIR)/Bundles";
				OTHER_LDFLAGS = (
					"-framework",
					Cocoa,
					"-framework",
					SenTestingKit,
				);
				PREBINDING = NO;
				PRODUCT_NAME = "CocoaSQL-Tests-MySQL";
				WRAPPER_EXTENSION = octest;
			};
			name = Debug;
		};
		827E370E11E21EDB00684466 /* Release */ = {
			isa = XCBuildConfiguration;
			buildSettings = {
				ALWAYS_SEARCH_USER_PATHS = NO;
				COPY_PHASE_STRIP = YES;
				DEBUG_INFORMATION_FORMAT = "dwarf-with-dsym";
				FRAMEWORK_SEARCH_PATHS = "$(DEVELOPER_LIBRARY_DIR)/Frameworks";
				GCC_ENABLE_FIX_AND_CONTINUE = NO;
				GCC_ENABLE_OBJC_EXCEPTIONS = YES;
				GCC_MODEL_TUNING = G5;
				GCC_PRECOMPILE_PREFIX_HEADER = YES;
				GCC_PREFIX_HEADER = "$(SYSTEM_LIBRARY_DIR)/Frameworks/Cocoa.framework/Headers/Cocoa.h";
				INFOPLIST_FILE = "CocoaSQL-Tests-MySQL-Info.plist";
				INSTALL_PATH = "$(USER_LIBRARY_DIR)/Bundles";
				OTHER_LDFLAGS = (
					"-framework",
					Cocoa,
					"-framework",
					SenTestingKit,
				);
				PREBINDING = NO;
				PRODUCT_NAME = "CocoaSQL-Tests-MySQL";
				WRAPPER_EXTENSION = octest;
				ZERO_LINK = NO;
			};
			name = Release;
		};
		827E375011E21FCD00684466 /* Debug */ = {
			isa = XCBuildConfiguration;
			buildSettings = {
				ALWAYS_SEARCH_USER_PATHS = NO;
				COPY_PHASE_STRIP = NO;
				FRAMEWORK_SEARCH_PATHS = "$(DEVELOPER_LIBRARY_DIR)/Frameworks";
				GCC_DYNAMIC_NO_PIC = NO;
				GCC_ENABLE_FIX_AND_CONTINUE = NO;
				GCC_ENABLE_OBJC_EXCEPTIONS = YES;
				GCC_MODEL_TUNING = G5;
				GCC_OPTIMIZATION_LEVEL = 0;
				GCC_PRECOMPILE_PREFIX_HEADER = YES;
				GCC_PREFIX_HEADER = "$(SYSTEM_LIBRARY_DIR)/Frameworks/Cocoa.framework/Headers/Cocoa.h";
				INFOPLIST_FILE = "CocoaSQL-Tests-PostgreSQL-Info.plist";
				INSTALL_PATH = "$(USER_LIBRARY_DIR)/Bundles";
				OTHER_LDFLAGS = (
					"-framework",
					Cocoa,
					"-framework",
					SenTestingKit,
				);
				PREBINDING = NO;
				PRODUCT_NAME = "CocoaSQL-Tests-PostgreSQL";
				WRAPPER_EXTENSION = octest;
			};
			name = Debug;
		};
		827E375111E21FCD00684466 /* Release */ = {
			isa = XCBuildConfiguration;
			buildSettings = {
				ALWAYS_SEARCH_USER_PATHS = NO;
				COPY_PHASE_STRIP = YES;
				DEBUG_INFORMATION_FORMAT = "dwarf-with-dsym";
				FRAMEWORK_SEARCH_PATHS = "$(DEVELOPER_LIBRARY_DIR)/Frameworks";
				GCC_ENABLE_FIX_AND_CONTINUE = NO;
				GCC_ENABLE_OBJC_EXCEPTIONS = YES;
				GCC_MODEL_TUNING = G5;
				GCC_PRECOMPILE_PREFIX_HEADER = YES;
				GCC_PREFIX_HEADER = "$(SYSTEM_LIBRARY_DIR)/Frameworks/Cocoa.framework/Headers/Cocoa.h";
				INFOPLIST_FILE = "CocoaSQL-Tests-PostgreSQL-Info.plist";
				INSTALL_PATH = "$(USER_LIBRARY_DIR)/Bundles";
				OTHER_LDFLAGS = (
					"-framework",
					Cocoa,
					"-framework",
					SenTestingKit,
				);
				PREBINDING = NO;
				PRODUCT_NAME = "CocoaSQL-Tests-PostgreSQL";
				WRAPPER_EXTENSION = octest;
				ZERO_LINK = NO;
			};
			name = Release;
		};
		827E377B11E2203F00684466 /* Debug */ = {
			isa = XCBuildConfiguration;
			buildSettings = {
				ALWAYS_SEARCH_USER_PATHS = NO;
				COPY_PHASE_STRIP = NO;
				FRAMEWORK_SEARCH_PATHS = "$(DEVELOPER_LIBRARY_DIR)/Frameworks";
				GCC_DYNAMIC_NO_PIC = NO;
				GCC_ENABLE_FIX_AND_CONTINUE = NO;
				GCC_ENABLE_OBJC_EXCEPTIONS = YES;
				GCC_MODEL_TUNING = G5;
				GCC_OPTIMIZATION_LEVEL = 0;
				GCC_PRECOMPILE_PREFIX_HEADER = YES;
				GCC_PREFIX_HEADER = "$(SYSTEM_LIBRARY_DIR)/Frameworks/Cocoa.framework/Headers/Cocoa.h";
				INFOPLIST_FILE = "CocoaSQL-Tests-Info.plist";
				INSTALL_PATH = "$(USER_LIBRARY_DIR)/Bundles";
				OTHER_LDFLAGS = (
					"-framework",
					Cocoa,
					"-framework",
					SenTestingKit,
				);
				PREBINDING = NO;
				PRODUCT_NAME = "CocoaSQL-Tests";
				WRAPPER_EXTENSION = octest;
			};
			name = Debug;
		};
		827E377C11E2203F00684466 /* Release */ = {
			isa = XCBuildConfiguration;
			buildSettings = {
				ALWAYS_SEARCH_USER_PATHS = NO;
				COPY_PHASE_STRIP = YES;
				DEBUG_INFORMATION_FORMAT = "dwarf-with-dsym";
				FRAMEWORK_SEARCH_PATHS = "$(DEVELOPER_LIBRARY_DIR)/Frameworks";
				GCC_ENABLE_FIX_AND_CONTINUE = NO;
				GCC_ENABLE_OBJC_EXCEPTIONS = YES;
				GCC_MODEL_TUNING = G5;
				GCC_PRECOMPILE_PREFIX_HEADER = YES;
				GCC_PREFIX_HEADER = "$(SYSTEM_LIBRARY_DIR)/Frameworks/Cocoa.framework/Headers/Cocoa.h";
				INFOPLIST_FILE = "CocoaSQL-Tests-Info.plist";
				INSTALL_PATH = "$(USER_LIBRARY_DIR)/Bundles";
				OTHER_LDFLAGS = (
					"-framework",
					Cocoa,
					"-framework",
					SenTestingKit,
				);
				PREBINDING = NO;
				PRODUCT_NAME = "CocoaSQL-Tests";
				WRAPPER_EXTENSION = octest;
				ZERO_LINK = NO;
			};
			name = Release;
		};
		82EC44D711861213006CBDF2 /* Debug */ = {
			isa = XCBuildConfiguration;
			buildSettings = {
				ALWAYS_SEARCH_USER_PATHS = NO;
				COPY_PHASE_STRIP = NO;
				DYLIB_COMPATIBILITY_VERSION = 1;
				DYLIB_CURRENT_VERSION = 1;
				FRAMEWORK_VERSION = A;
				GCC_DYNAMIC_NO_PIC = NO;
				GCC_ENABLE_FIX_AND_CONTINUE = YES;
				GCC_MODEL_TUNING = G5;
				GCC_OPTIMIZATION_LEVEL = 0;
				GCC_PRECOMPILE_PREFIX_HEADER = YES;
				GCC_PREFIX_HEADER = "$(SYSTEM_LIBRARY_DIR)/Frameworks/AppKit.framework/Headers/AppKit.h";
				INFOPLIST_FILE = "CocoaSQL-PostgreSQL-Info.plist";
				INSTALL_PATH = "$(HOME)/Library/Frameworks";
				LIBRARY_SEARCH_PATHS = (
					"$(inherited)",
					"\"$(SRCROOT)\"",
				);
				OTHER_LDFLAGS = (
					"-framework",
					Foundation,
					"-framework",
					AppKit,
				);
				PREBINDING = NO;
				PRODUCT_NAME = "CocoaSQL-PostgreSQL";
			};
			name = Debug;
		};
		82EC44D811861213006CBDF2 /* Release */ = {
			isa = XCBuildConfiguration;
			buildSettings = {
				ALWAYS_SEARCH_USER_PATHS = NO;
				COPY_PHASE_STRIP = YES;
				DEBUG_INFORMATION_FORMAT = "dwarf-with-dsym";
				DYLIB_COMPATIBILITY_VERSION = 1;
				DYLIB_CURRENT_VERSION = 1;
				FRAMEWORK_VERSION = A;
				GCC_ENABLE_FIX_AND_CONTINUE = NO;
				GCC_MODEL_TUNING = G5;
				GCC_PRECOMPILE_PREFIX_HEADER = YES;
				GCC_PREFIX_HEADER = "$(SYSTEM_LIBRARY_DIR)/Frameworks/AppKit.framework/Headers/AppKit.h";
				INFOPLIST_FILE = "CocoaSQL-PostgreSQL-Info.plist";
				INSTALL_PATH = "$(HOME)/Library/Frameworks";
				LIBRARY_SEARCH_PATHS = (
					"$(inherited)",
					"\"$(SRCROOT)\"",
				);
				OTHER_LDFLAGS = (
					"-framework",
					Foundation,
					"-framework",
					AppKit,
				);
				PREBINDING = NO;
				PRODUCT_NAME = "CocoaSQL-PostgreSQL";
				ZERO_LINK = NO;
			};
			name = Release;
		};
		82EC44FA118613A9006CBDF2 /* Debug */ = {
			isa = XCBuildConfiguration;
			buildSettings = {
				ALWAYS_SEARCH_USER_PATHS = NO;
				COPY_PHASE_STRIP = NO;
				DYLIB_COMPATIBILITY_VERSION = 1;
				DYLIB_CURRENT_VERSION = 1;
				FRAMEWORK_VERSION = A;
				GCC_DYNAMIC_NO_PIC = NO;
				GCC_ENABLE_FIX_AND_CONTINUE = YES;
				GCC_MODEL_TUNING = G5;
				GCC_OPTIMIZATION_LEVEL = 0;
				GCC_PRECOMPILE_PREFIX_HEADER = YES;
				GCC_PREFIX_HEADER = "$(SYSTEM_LIBRARY_DIR)/Frameworks/AppKit.framework/Headers/AppKit.h";
				INFOPLIST_FILE = "CocoaSQL-MySQL-Info.plist";
				INSTALL_PATH = "$(HOME)/Library/Frameworks";
				LIBRARY_SEARCH_PATHS = (
					"$(inherited)",
					"\"$(SRCROOT)\"",
				);
				OTHER_LDFLAGS = (
					"-framework",
					Foundation,
					"-framework",
					AppKit,
				);
				PREBINDING = NO;
				PRODUCT_NAME = "CocoaSQL-MySQL";
			};
			name = Debug;
		};
		82EC44FB118613A9006CBDF2 /* Release */ = {
			isa = XCBuildConfiguration;
			buildSettings = {
				ALWAYS_SEARCH_USER_PATHS = NO;
				COPY_PHASE_STRIP = YES;
				DEBUG_INFORMATION_FORMAT = "dwarf-with-dsym";
				DYLIB_COMPATIBILITY_VERSION = 1;
				DYLIB_CURRENT_VERSION = 1;
				FRAMEWORK_VERSION = A;
				GCC_ENABLE_FIX_AND_CONTINUE = NO;
				GCC_MODEL_TUNING = G5;
				GCC_PRECOMPILE_PREFIX_HEADER = YES;
				GCC_PREFIX_HEADER = "$(SYSTEM_LIBRARY_DIR)/Frameworks/AppKit.framework/Headers/AppKit.h";
				INFOPLIST_FILE = "CocoaSQL-MySQL-Info.plist";
				INSTALL_PATH = "$(HOME)/Library/Frameworks";
				LIBRARY_SEARCH_PATHS = (
					"$(inherited)",
					"\"$(SRCROOT)\"",
				);
				OTHER_LDFLAGS = (
					"-framework",
					Foundation,
					"-framework",
					AppKit,
				);
				PREBINDING = NO;
				PRODUCT_NAME = "CocoaSQL-MySQL";
				ZERO_LINK = NO;
			};
			name = Release;
		};
		82EC453011861571006CBDF2 /* Debug */ = {
			isa = XCBuildConfiguration;
			buildSettings = {
				ALWAYS_SEARCH_USER_PATHS = NO;
				COPY_PHASE_STRIP = NO;
				DYLIB_COMPATIBILITY_VERSION = 1;
				DYLIB_CURRENT_VERSION = 1;
				FRAMEWORK_VERSION = A;
				GCC_DYNAMIC_NO_PIC = NO;
				GCC_ENABLE_FIX_AND_CONTINUE = YES;
				GCC_MODEL_TUNING = G5;
				GCC_OPTIMIZATION_LEVEL = 0;
				GCC_PRECOMPILE_PREFIX_HEADER = YES;
				GCC_PREFIX_HEADER = "$(SYSTEM_LIBRARY_DIR)/Frameworks/AppKit.framework/Headers/AppKit.h";
				INFOPLIST_FILE = "CocoaSQL-SQLite-Info.plist";
				INSTALL_PATH = "$(HOME)/Library/Frameworks";
				OTHER_LDFLAGS = (
					"-framework",
					Foundation,
					"-framework",
					AppKit,
				);
				PREBINDING = NO;
				PRODUCT_NAME = "CocoaSQL-SQLite";
			};
			name = Debug;
		};
		82EC453111861571006CBDF2 /* Release */ = {
			isa = XCBuildConfiguration;
			buildSettings = {
				ALWAYS_SEARCH_USER_PATHS = NO;
				COPY_PHASE_STRIP = YES;
				DEBUG_INFORMATION_FORMAT = "dwarf-with-dsym";
				DYLIB_COMPATIBILITY_VERSION = 1;
				DYLIB_CURRENT_VERSION = 1;
				FRAMEWORK_VERSION = A;
				GCC_ENABLE_FIX_AND_CONTINUE = NO;
				GCC_MODEL_TUNING = G5;
				GCC_PRECOMPILE_PREFIX_HEADER = YES;
				GCC_PREFIX_HEADER = "$(SYSTEM_LIBRARY_DIR)/Frameworks/AppKit.framework/Headers/AppKit.h";
				INFOPLIST_FILE = "CocoaSQL-SQLite-Info.plist";
				INSTALL_PATH = "$(HOME)/Library/Frameworks";
				OTHER_LDFLAGS = (
					"-framework",
					Foundation,
					"-framework",
					AppKit,
				);
				PREBINDING = NO;
				PRODUCT_NAME = "CocoaSQL-SQLite";
				ZERO_LINK = NO;
			};
			name = Release;
		};
		82EE6F47116F282100885118 /* Debug */ = {
			isa = XCBuildConfiguration;
			buildSettings = {
				ALWAYS_SEARCH_USER_PATHS = NO;
				COPY_PHASE_STRIP = NO;
				FRAMEWORK_SEARCH_PATHS = "$(DEVELOPER_FRAMEWORKS_DIR)";
				GCC_DYNAMIC_NO_PIC = NO;
				GCC_ENABLE_FIX_AND_CONTINUE = YES;
				GCC_ENABLE_OBJC_GC = unsupported;
				GCC_MODEL_TUNING = G5;
				GCC_OPTIMIZATION_LEVEL = 0;
				GCC_PRECOMPILE_PREFIX_HEADER = YES;
				GCC_PREFIX_HEADER = "$(SYSTEM_LIBRARY_DIR)/Frameworks/AppKit.framework/Headers/AppKit.h";
				INSTALL_PATH = /usr/local/bin;
				LD_RUNPATH_SEARCH_PATHS = "$(DEVELOPER_FRAMEWORKS_DIR)";
				LIBRARY_SEARCH_PATHS = (
					"$(inherited)",
					"\"$(SRCROOT)\"",
				);
				OTHER_LDFLAGS = (
					"-framework",
					Cocoa,
					"-framework",
					SenTestingKit,
				);
				PREBINDING = NO;
				PRODUCT_NAME = otest;
			};
			name = Debug;
		};
		82EE6F48116F282100885118 /* Release */ = {
			isa = XCBuildConfiguration;
			buildSettings = {
				ALWAYS_SEARCH_USER_PATHS = NO;
				COPY_PHASE_STRIP = YES;
				DEBUG_INFORMATION_FORMAT = "dwarf-with-dsym";
				FRAMEWORK_SEARCH_PATHS = (
					"$(inherited)",
					"\"$(DEVELOPER_FRAMEWORKS_DIR)\"",
				);
				GCC_ENABLE_FIX_AND_CONTINUE = NO;
				GCC_MODEL_TUNING = G5;
				GCC_PRECOMPILE_PREFIX_HEADER = YES;
				GCC_PREFIX_HEADER = "$(SYSTEM_LIBRARY_DIR)/Frameworks/AppKit.framework/Headers/AppKit.h";
				INSTALL_PATH = /usr/local/bin;
				LIBRARY_SEARCH_PATHS = (
					"$(inherited)",
					"\"$(SRCROOT)\"",
				);
				OTHER_LDFLAGS = (
					"-framework",
					Foundation,
					"-framework",
					AppKit,
				);
				PREBINDING = NO;
				PRODUCT_NAME = otest;
				ZERO_LINK = NO;
			};
			name = Release;
		};
/* End XCBuildConfiguration section */

/* Begin XCConfigurationList section */
		1DEB91AD08733DA50010E9CD /* Build configuration list for PBXNativeTarget "CocoaSQL" */ = {
			isa = XCConfigurationList;
			buildConfigurations = (
				1DEB91AE08733DA50010E9CD /* Debug */,
				1DEB91AF08733DA50010E9CD /* Release */,
			);
			defaultConfigurationIsVisible = 0;
			defaultConfigurationName = Release;
		};
		1DEB91B108733DA50010E9CD /* Build configuration list for PBXProject "CocoaSQL" */ = {
			isa = XCConfigurationList;
			buildConfigurations = (
				1DEB91B208733DA50010E9CD /* Debug */,
				1DEB91B308733DA50010E9CD /* Release */,
			);
			defaultConfigurationIsVisible = 0;
			defaultConfigurationName = Release;
		};
		827E36AA11E21AB800684466 /* Build configuration list for PBXNativeTarget "CocoaSQL-Tests-SQLite" */ = {
			isa = XCConfigurationList;
			buildConfigurations = (
				827E36A811E21AB800684466 /* Debug */,
				827E36A911E21AB800684466 /* Release */,
			);
			defaultConfigurationIsVisible = 0;
			defaultConfigurationName = Release;
		};
		827E370F11E21EDB00684466 /* Build configuration list for PBXNativeTarget "CocoaSQL-Tests-MySQL" */ = {
			isa = XCConfigurationList;
			buildConfigurations = (
				827E370D11E21EDB00684466 /* Debug */,
				827E370E11E21EDB00684466 /* Release */,
			);
			defaultConfigurationIsVisible = 0;
			defaultConfigurationName = Release;
		};
		827E375211E21FCD00684466 /* Build configuration list for PBXNativeTarget "CocoaSQL-Tests-PostgreSQL" */ = {
			isa = XCConfigurationList;
			buildConfigurations = (
				827E375011E21FCD00684466 /* Debug */,
				827E375111E21FCD00684466 /* Release */,
			);
			defaultConfigurationIsVisible = 0;
			defaultConfigurationName = Release;
		};
		827E377D11E2203F00684466 /* Build configuration list for PBXNativeTarget "CocoaSQL-Tests" */ = {
			isa = XCConfigurationList;
			buildConfigurations = (
				827E377B11E2203F00684466 /* Debug */,
				827E377C11E2203F00684466 /* Release */,
			);
			defaultConfigurationIsVisible = 0;
			defaultConfigurationName = Release;
		};
		82EC44D911861213006CBDF2 /* Build configuration list for PBXNativeTarget "CocoaSQL-PostgreSQL" */ = {
			isa = XCConfigurationList;
			buildConfigurations = (
				82EC44D711861213006CBDF2 /* Debug */,
				82EC44D811861213006CBDF2 /* Release */,
			);
			defaultConfigurationIsVisible = 0;
			defaultConfigurationName = Release;
		};
		82EC44FC118613A9006CBDF2 /* Build configuration list for PBXNativeTarget "CocoaSQL-MySQL" */ = {
			isa = XCConfigurationList;
			buildConfigurations = (
				82EC44FA118613A9006CBDF2 /* Debug */,
				82EC44FB118613A9006CBDF2 /* Release */,
			);
			defaultConfigurationIsVisible = 0;
			defaultConfigurationName = Release;
		};
		82EC453211861571006CBDF2 /* Build configuration list for PBXNativeTarget "CocoaSQL-SQLite" */ = {
			isa = XCConfigurationList;
			buildConfigurations = (
				82EC453011861571006CBDF2 /* Debug */,
				82EC453111861571006CBDF2 /* Release */,
			);
			defaultConfigurationIsVisible = 0;
			defaultConfigurationName = Release;
		};
		82EE6F49116F283F00885118 /* Build configuration list for PBXNativeTarget "otest" */ = {
			isa = XCConfigurationList;
			buildConfigurations = (
				82EE6F47116F282100885118 /* Debug */,
				82EE6F48116F282100885118 /* Release */,
			);
			defaultConfigurationIsVisible = 0;
			defaultConfigurationName = Release;
		};
/* End XCConfigurationList section */
	};
	rootObject = 0867D690FE84028FC02AAC07 /* Project object */;
}
