// !$*UTF8*$!
{
	archiveVersion = 1;
	classes = {
	};
	objectVersion = 45;
	objects = {

/* Begin PBXBuildFile section */
		821DBB7B11633B4E0073C988 /* NSMutableArray+CocoaSQL.h in Headers */ = {isa = PBXBuildFile; fileRef = 821DBB7911633B4E0073C988 /* NSMutableArray+CocoaSQL.h */; };
		821DBB7C11633B4E0073C988 /* NSMutableArray+CocoaSQL.m in Sources */ = {isa = PBXBuildFile; fileRef = 821DBB7A11633B4E0073C988 /* NSMutableArray+CocoaSQL.m */; };
		821DBBA911634CB30073C988 /* CSQLDatabase.m in Sources */ = {isa = PBXBuildFile; fileRef = 821DBBA811634CB30073C988 /* CSQLDatabase.m */; };
		821DBC4211636C100073C988 /* CocoaSQL.h in Headers */ = {isa = PBXBuildFile; fileRef = 821DBC4111636C100073C988 /* CocoaSQL.h */; };
		821DBC9F116370800073C988 /* CSQLDatabaseTests.m in Sources */ = {isa = PBXBuildFile; fileRef = 821DBC9E116370800073C988 /* CSQLDatabaseTests.m */; };
		821DBCCE116392E30073C988 /* CocoaSQL.framework in Frameworks */ = {isa = PBXBuildFile; fileRef = 8DC2EF5B0486A6940098B216 /* CocoaSQL.framework */; };
		8223B8EF1161023F004108A1 /* CSQLBindValue.h in Headers */ = {isa = PBXBuildFile; fileRef = 8223B8ED1161023F004108A1 /* CSQLBindValue.h */; };
		8223B8F01161023F004108A1 /* CSQLBindValue.m in Sources */ = {isa = PBXBuildFile; fileRef = 8223B8EE1161023F004108A1 /* CSQLBindValue.m */; };
		823C7C8A115CCD210061ECAD /* CSQLPreparedStatement.h in Headers */ = {isa = PBXBuildFile; fileRef = 823C7C89115CCD210061ECAD /* CSQLPreparedStatement.h */; };
		823C7CC6115CE4DA0061ECAD /* CSSQLitePreparedStatement.h in Headers */ = {isa = PBXBuildFile; fileRef = 823C7CC4115CE4DA0061ECAD /* CSSQLitePreparedStatement.h */; };
		823C7CC7115CE4DA0061ECAD /* CSSQLitePreparedStatement.m in Sources */ = {isa = PBXBuildFile; fileRef = 823C7CC5115CE4DA0061ECAD /* CSSQLitePreparedStatement.m */; };
		823FCBB6115C1CE800F3E4E2 /* libsqlite3.0.dylib in Frameworks */ = {isa = PBXBuildFile; fileRef = 823FCBB2115C1CC500F3E4E2 /* libsqlite3.0.dylib */; };
		824459F4115B742A00950BD9 /* CSQLDatabase.h in Headers */ = {isa = PBXBuildFile; fileRef = 824459F2115B742A00950BD9 /* CSQLDatabase.h */; };
		824459FB115B750B00950BD9 /* Cocoa.framework in Frameworks */ = {isa = PBXBuildFile; fileRef = 824459FA115B750B00950BD9 /* Cocoa.framework */; };
		82445A55115B9A6400950BD9 /* CSSQLiteDatabase.h in Headers */ = {isa = PBXBuildFile; fileRef = 82445A53115B9A6400950BD9 /* CSSQLiteDatabase.h */; };
		82445A56115B9A6400950BD9 /* CSSQLiteDatabase.m in Sources */ = {isa = PBXBuildFile; fileRef = 82445A54115B9A6400950BD9 /* CSSQLiteDatabase.m */; };
		82445AA9115BA72300950BD9 /* csql.h in Headers */ = {isa = PBXBuildFile; fileRef = 82445AA6115BA72300950BD9 /* csql.h */; };
		82445AAA115BA72300950BD9 /* csql.m in Sources */ = {isa = PBXBuildFile; fileRef = 82445AA7115BA72300950BD9 /* csql.m */; };
		8DC2EF530486A6940098B216 /* InfoPlist.strings in Resources */ = {isa = PBXBuildFile; fileRef = 089C1666FE841158C02AAC07 /* InfoPlist.strings */; };
/* End PBXBuildFile section */

/* Begin PBXContainerItemProxy section */
		821DBC94116370380073C988 /* PBXContainerItemProxy */ = {
			isa = PBXContainerItemProxy;
			containerPortal = 0867D690FE84028FC02AAC07 /* Project object */;
			proxyType = 1;
			remoteGlobalIDString = 8DC2EF4F0486A6940098B216;
			remoteInfo = CocoaSQL;
		};
/* End PBXContainerItemProxy section */

/* Begin PBXFileReference section */
		0867D69BFE84028FC02AAC07 /* Foundation.framework */ = {isa = PBXFileReference; lastKnownFileType = wrapper.framework; name = Foundation.framework; path = /System/Library/Frameworks/Foundation.framework; sourceTree = "<absolute>"; };
		089C1667FE841158C02AAC07 /* English */ = {isa = PBXFileReference; fileEncoding = 4; lastKnownFileType = text.plist.strings; name = English; path = English.lproj/InfoPlist.strings; sourceTree = "<group>"; };
		32DBCF5E0370ADEE00C91783 /* CocoaSQL_Prefix.pch */ = {isa = PBXFileReference; fileEncoding = 4; lastKnownFileType = sourcecode.c.h; path = CocoaSQL_Prefix.pch; sourceTree = "<group>"; };
		821DBB7911633B4E0073C988 /* NSMutableArray+CocoaSQL.h */ = {isa = PBXFileReference; fileEncoding = 4; lastKnownFileType = sourcecode.c.h; path = "NSMutableArray+CocoaSQL.h"; sourceTree = "<group>"; };
		821DBB7A11633B4E0073C988 /* NSMutableArray+CocoaSQL.m */ = {isa = PBXFileReference; fileEncoding = 4; lastKnownFileType = sourcecode.c.objc; path = "NSMutableArray+CocoaSQL.m"; sourceTree = "<group>"; };
		821DBBA811634CB30073C988 /* CSQLDatabase.m */ = {isa = PBXFileReference; fileEncoding = 4; lastKnownFileType = sourcecode.c.objc; path = CSQLDatabase.m; sourceTree = "<group>"; };
		821DBC4111636C100073C988 /* CocoaSQL.h */ = {isa = PBXFileReference; fileEncoding = 4; lastKnownFileType = sourcecode.c.h; path = CocoaSQL.h; sourceTree = "<group>"; };
		821DBC8F1163702E0073C988 /* Unit Tests.octest */ = {isa = PBXFileReference; explicitFileType = wrapper.cfbundle; includeInIndex = 0; path = "Unit Tests.octest"; sourceTree = BUILT_PRODUCTS_DIR; };
		821DBC901163702E0073C988 /* Unit Tests-Info.plist */ = {isa = PBXFileReference; lastKnownFileType = text.plist.xml; path = "Unit Tests-Info.plist"; sourceTree = "<group>"; };
		821DBC9D116370800073C988 /* CSQLDatabaseTests.h */ = {isa = PBXFileReference; fileEncoding = 4; lastKnownFileType = sourcecode.c.h; path = CSQLDatabaseTests.h; sourceTree = "<group>"; };
		821DBC9E116370800073C988 /* CSQLDatabaseTests.m */ = {isa = PBXFileReference; fileEncoding = 4; lastKnownFileType = sourcecode.c.objc; path = CSQLDatabaseTests.m; sourceTree = "<group>"; };
		8223B8ED1161023F004108A1 /* CSQLBindValue.h */ = {isa = PBXFileReference; fileEncoding = 4; lastKnownFileType = sourcecode.c.h; path = CSQLBindValue.h; sourceTree = "<group>"; };
		8223B8EE1161023F004108A1 /* CSQLBindValue.m */ = {isa = PBXFileReference; fileEncoding = 4; lastKnownFileType = sourcecode.c.objc; path = CSQLBindValue.m; sourceTree = "<group>"; };
		823C7C89115CCD210061ECAD /* CSQLPreparedStatement.h */ = {isa = PBXFileReference; fileEncoding = 4; lastKnownFileType = sourcecode.c.h; path = CSQLPreparedStatement.h; sourceTree = "<group>"; };
		823C7CC4115CE4DA0061ECAD /* CSSQLitePreparedStatement.h */ = {isa = PBXFileReference; fileEncoding = 4; lastKnownFileType = sourcecode.c.h; path = CSSQLitePreparedStatement.h; sourceTree = "<group>"; };
		823C7CC5115CE4DA0061ECAD /* CSSQLitePreparedStatement.m */ = {isa = PBXFileReference; fileEncoding = 4; lastKnownFileType = sourcecode.c.objc; path = CSSQLitePreparedStatement.m; sourceTree = "<group>"; };
		823FCBB2115C1CC500F3E4E2 /* libsqlite3.0.dylib */ = {isa = PBXFileReference; lastKnownFileType = "compiled.mach-o.dylib"; name = libsqlite3.0.dylib; path = /usr/lib/libsqlite3.0.dylib; sourceTree = "<absolute>"; };
		824459F2115B742A00950BD9 /* CSQLDatabase.h */ = {isa = PBXFileReference; fileEncoding = 4; lastKnownFileType = sourcecode.c.h; path = CSQLDatabase.h; sourceTree = "<group>"; };
		824459FA115B750B00950BD9 /* Cocoa.framework */ = {isa = PBXFileReference; lastKnownFileType = wrapper.framework; name = Cocoa.framework; path = /System/Library/Frameworks/Cocoa.framework; sourceTree = "<absolute>"; };
		82445A53115B9A6400950BD9 /* CSSQLiteDatabase.h */ = {isa = PBXFileReference; fileEncoding = 4; lastKnownFileType = sourcecode.c.h; path = CSSQLiteDatabase.h; sourceTree = "<group>"; };
		82445A54115B9A6400950BD9 /* CSSQLiteDatabase.m */ = {isa = PBXFileReference; fileEncoding = 4; lastKnownFileType = sourcecode.c.objc; path = CSSQLiteDatabase.m; sourceTree = "<group>"; };
		82445AA6115BA72300950BD9 /* csql.h */ = {isa = PBXFileReference; fileEncoding = 4; lastKnownFileType = sourcecode.c.h; path = csql.h; sourceTree = "<group>"; };
		82445AA7115BA72300950BD9 /* csql.m */ = {isa = PBXFileReference; fileEncoding = 4; lastKnownFileType = sourcecode.c.objc; path = csql.m; sourceTree = "<group>"; };
		8DC2EF5A0486A6940098B216 /* Info.plist */ = {isa = PBXFileReference; fileEncoding = 4; lastKnownFileType = text.plist.xml; path = Info.plist; sourceTree = "<group>"; };
		8DC2EF5B0486A6940098B216 /* CocoaSQL.framework */ = {isa = PBXFileReference; explicitFileType = wrapper.framework; includeInIndex = 0; path = CocoaSQL.framework; sourceTree = BUILT_PRODUCTS_DIR; };
/* End PBXFileReference section */

/* Begin PBXFrameworksBuildPhase section */
		821DBC8C1163702E0073C988 /* Frameworks */ = {
			isa = PBXFrameworksBuildPhase;
			buildActionMask = 2147483647;
			files = (
				821DBCCE116392E30073C988 /* CocoaSQL.framework in Frameworks */,
			);
			runOnlyForDeploymentPostprocessing = 0;
		};
		8DC2EF560486A6940098B216 /* Frameworks */ = {
			isa = PBXFrameworksBuildPhase;
			buildActionMask = 2147483647;
			files = (
				823FCBB6115C1CE800F3E4E2 /* libsqlite3.0.dylib in Frameworks */,
				824459FB115B750B00950BD9 /* Cocoa.framework in Frameworks */,
			);
			runOnlyForDeploymentPostprocessing = 0;
		};
/* End PBXFrameworksBuildPhase section */

/* Begin PBXGroup section */
		034768DFFF38A50411DB9C8B /* Products */ = {
			isa = PBXGroup;
			children = (
				8DC2EF5B0486A6940098B216 /* CocoaSQL.framework */,
				821DBC8F1163702E0073C988 /* Unit Tests.octest */,
			);
			name = Products;
			sourceTree = "<group>";
		};
		0867D691FE84028FC02AAC07 /* CSQL */ = {
			isa = PBXGroup;
			children = (
				08FB77AEFE84172EC02AAC07 /* Classes */,
				32C88DFF0371C24200C91783 /* Other Sources */,
				089C1665FE841158C02AAC07 /* Resources */,
				0867D69AFE84028FC02AAC07 /* External Frameworks and Libraries */,
				034768DFFF38A50411DB9C8B /* Products */,
				821DBC901163702E0073C988 /* Unit Tests-Info.plist */,
			);
			name = CSQL;
			sourceTree = "<group>";
		};
		0867D69AFE84028FC02AAC07 /* External Frameworks and Libraries */ = {
			isa = PBXGroup;
			children = (
				1058C7B0FEA5585E11CA2CBB /* Linked Frameworks */,
				1058C7B2FEA5585E11CA2CBB /* Other Frameworks */,
				824459FA115B750B00950BD9 /* Cocoa.framework */,
				823FCBB2115C1CC500F3E4E2 /* libsqlite3.0.dylib */,
			);
			name = "External Frameworks and Libraries";
			sourceTree = "<group>";
		};
		089C1665FE841158C02AAC07 /* Resources */ = {
			isa = PBXGroup;
			children = (
				8DC2EF5A0486A6940098B216 /* Info.plist */,
				089C1666FE841158C02AAC07 /* InfoPlist.strings */,
			);
			name = Resources;
			sourceTree = "<group>";
		};
		08FB77AEFE84172EC02AAC07 /* Classes */ = {
			isa = PBXGroup;
			children = (
				821DBC9C116370520073C988 /* Test */,
				82445A43115B93F900950BD9 /* MySQL */,
				82445A11115B889E00950BD9 /* SQLite */,
				82445A10115B889000950BD9 /* CocoaSQL */,
			);
			name = Classes;
			sourceTree = "<group>";
		};
		1058C7B0FEA5585E11CA2CBB /* Linked Frameworks */ = {
			isa = PBXGroup;
			children = (
			);
			name = "Linked Frameworks";
			sourceTree = "<group>";
		};
		1058C7B2FEA5585E11CA2CBB /* Other Frameworks */ = {
			isa = PBXGroup;
			children = (
				0867D69BFE84028FC02AAC07 /* Foundation.framework */,
			);
			name = "Other Frameworks";
			sourceTree = "<group>";
		};
		32C88DFF0371C24200C91783 /* Other Sources */ = {
			isa = PBXGroup;
			children = (
				32DBCF5E0370ADEE00C91783 /* CocoaSQL_Prefix.pch */,
				82445AA6115BA72300950BD9 /* csql.h */,
				82445AA7115BA72300950BD9 /* csql.m */,
			);
			name = "Other Sources";
			sourceTree = "<group>";
		};
		821DBC9C116370520073C988 /* Test */ = {
			isa = PBXGroup;
			children = (
				821DBC9D116370800073C988 /* CSQLDatabaseTests.h */,
				821DBC9E116370800073C988 /* CSQLDatabaseTests.m */,
			);
			path = Test;
			sourceTree = "<group>";
		};
		82445A10115B889000950BD9 /* CocoaSQL */ = {
			isa = PBXGroup;
			children = (
				824459F2115B742A00950BD9 /* CSQLDatabase.h */,
				821DBBA811634CB30073C988 /* CSQLDatabase.m */,
				823C7C89115CCD210061ECAD /* CSQLPreparedStatement.h */,
				8223B8ED1161023F004108A1 /* CSQLBindValue.h */,
				8223B8EE1161023F004108A1 /* CSQLBindValue.m */,
				821DBB7911633B4E0073C988 /* NSMutableArray+CocoaSQL.h */,
				821DBB7A11633B4E0073C988 /* NSMutableArray+CocoaSQL.m */,
				821DBC4111636C100073C988 /* CocoaSQL.h */,
			);
			name = CocoaSQL;
			path = Source/CocoaSQL;
			sourceTree = "<group>";
		};
		82445A11115B889E00950BD9 /* SQLite */ = {
			isa = PBXGroup;
			children = (
				82445A53115B9A6400950BD9 /* CSSQLiteDatabase.h */,
				82445A54115B9A6400950BD9 /* CSSQLiteDatabase.m */,
				823C7CC4115CE4DA0061ECAD /* CSSQLitePreparedStatement.h */,
				823C7CC5115CE4DA0061ECAD /* CSSQLitePreparedStatement.m */,
			);
			name = SQLite;
			path = Source/SQLite;
			sourceTree = "<group>";
		};
		82445A43115B93F900950BD9 /* MySQL */ = {
			isa = PBXGroup;
			children = (
			);
			name = MySQL;
			sourceTree = "<group>";
		};
/* End PBXGroup section */

/* Begin PBXHeadersBuildPhase section */
		8DC2EF500486A6940098B216 /* Headers */ = {
			isa = PBXHeadersBuildPhase;
			buildActionMask = 2147483647;
			files = (
				824459F4115B742A00950BD9 /* CSQLDatabase.h in Headers */,
				82445A55115B9A6400950BD9 /* CSSQLiteDatabase.h in Headers */,
				82445AA9115BA72300950BD9 /* csql.h in Headers */,
				823C7C8A115CCD210061ECAD /* CSQLPreparedStatement.h in Headers */,
				823C7CC6115CE4DA0061ECAD /* CSSQLitePreparedStatement.h in Headers */,
				8223B8EF1161023F004108A1 /* CSQLBindValue.h in Headers */,
				821DBB7B11633B4E0073C988 /* NSMutableArray+CocoaSQL.h in Headers */,
				821DBC4211636C100073C988 /* CocoaSQL.h in Headers */,
			);
			runOnlyForDeploymentPostprocessing = 0;
		};
/* End PBXHeadersBuildPhase section */

/* Begin PBXNativeTarget section */
		821DBC8E1163702E0073C988 /* Unit Tests */ = {
			isa = PBXNativeTarget;
			buildConfigurationList = 821DBC931163702F0073C988 /* Build configuration list for PBXNativeTarget "Unit Tests" */;
			buildPhases = (
				821DBC8A1163702E0073C988 /* Resources */,
				821DBC8B1163702E0073C988 /* Sources */,
				821DBC8C1163702E0073C988 /* Frameworks */,
				821DBC8D1163702E0073C988 /* ShellScript */,
			);
			buildRules = (
			);
			dependencies = (
				821DBC95116370380073C988 /* PBXTargetDependency */,
			);
			name = "Unit Tests";
			productName = "Unit Tests";
			productReference = 821DBC8F1163702E0073C988 /* Unit Tests.octest */;
			productType = "com.apple.product-type.bundle";
		};
		8DC2EF4F0486A6940098B216 /* CocoaSQL */ = {
			isa = PBXNativeTarget;
			buildConfigurationList = 1DEB91AD08733DA50010E9CD /* Build configuration list for PBXNativeTarget "CocoaSQL" */;
			buildPhases = (
				8DC2EF500486A6940098B216 /* Headers */,
				8DC2EF520486A6940098B216 /* Resources */,
				8DC2EF540486A6940098B216 /* Sources */,
				8DC2EF560486A6940098B216 /* Frameworks */,
			);
			buildRules = (
			);
			dependencies = (
			);
			name = CocoaSQL;
			productInstallPath = "$(HOME)/Library/Frameworks";
			productName = CSQL;
			productReference = 8DC2EF5B0486A6940098B216 /* CocoaSQL.framework */;
			productType = "com.apple.product-type.framework";
		};
/* End PBXNativeTarget section */

/* Begin PBXProject section */
		0867D690FE84028FC02AAC07 /* Project object */ = {
			isa = PBXProject;
			attributes = {
				ORGANIZATIONNAME = CocoaSQL.org;
			};
			buildConfigurationList = 1DEB91B108733DA50010E9CD /* Build configuration list for PBXProject "CocoaSQL" */;
			compatibilityVersion = "Xcode 3.1";
			hasScannedForEncodings = 1;
			mainGroup = 0867D691FE84028FC02AAC07 /* CSQL */;
			productRefGroup = 034768DFFF38A50411DB9C8B /* Products */;
			projectDirPath = "";
			projectRoot = "";
			targets = (
				8DC2EF4F0486A6940098B216 /* CocoaSQL */,
				821DBC8E1163702E0073C988 /* Unit Tests */,
			);
		};
/* End PBXProject section */

/* Begin PBXResourcesBuildPhase section */
		821DBC8A1163702E0073C988 /* Resources */ = {
			isa = PBXResourcesBuildPhase;
			buildActionMask = 2147483647;
			files = (
			);
			runOnlyForDeploymentPostprocessing = 0;
		};
		8DC2EF520486A6940098B216 /* Resources */ = {
			isa = PBXResourcesBuildPhase;
			buildActionMask = 2147483647;
			files = (
				8DC2EF530486A6940098B216 /* InfoPlist.strings in Resources */,
			);
			runOnlyForDeploymentPostprocessing = 0;
		};
/* End PBXResourcesBuildPhase section */

/* Begin PBXShellScriptBuildPhase section */
		821DBC8D1163702E0073C988 /* ShellScript */ = {
			isa = PBXShellScriptBuildPhase;
			buildActionMask = 2147483647;
			files = (
			);
			inputPaths = (
			);
			outputPaths = (
			);
			runOnlyForDeploymentPostprocessing = 0;
			shellPath = /bin/sh;
			shellScript = "# Run the unit tests in this test bundle.\n\"${SYSTEM_DEVELOPER_DIR}/Tools/RunUnitTests\"\n";
		};
/* End PBXShellScriptBuildPhase section */

/* Begin PBXSourcesBuildPhase section */
		821DBC8B1163702E0073C988 /* Sources */ = {
			isa = PBXSourcesBuildPhase;
			buildActionMask = 2147483647;
			files = (
				821DBC9F116370800073C988 /* CSQLDatabaseTests.m in Sources */,
			);
			runOnlyForDeploymentPostprocessing = 0;
		};
		8DC2EF540486A6940098B216 /* Sources */ = {
			isa = PBXSourcesBuildPhase;
			buildActionMask = 2147483647;
			files = (
				82445A56115B9A6400950BD9 /* CSSQLiteDatabase.m in Sources */,
				82445AAA115BA72300950BD9 /* csql.m in Sources */,
				823C7CC7115CE4DA0061ECAD /* CSSQLitePreparedStatement.m in Sources */,
				8223B8F01161023F004108A1 /* CSQLBindValue.m in Sources */,
				821DBB7C11633B4E0073C988 /* NSMutableArray+CocoaSQL.m in Sources */,
				821DBBA911634CB30073C988 /* CSQLDatabase.m in Sources */,
			);
			runOnlyForDeploymentPostprocessing = 0;
		};
/* End PBXSourcesBuildPhase section */

/* Begin PBXTargetDependency section */
		821DBC95116370380073C988 /* PBXTargetDependency */ = {
			isa = PBXTargetDependency;
			target = 8DC2EF4F0486A6940098B216 /* CocoaSQL */;
			targetProxy = 821DBC94116370380073C988 /* PBXContainerItemProxy */;
		};
/* End PBXTargetDependency section */

/* Begin PBXVariantGroup section */
		089C1666FE841158C02AAC07 /* InfoPlist.strings */ = {
			isa = PBXVariantGroup;
			children = (
				089C1667FE841158C02AAC07 /* English */,
			);
			name = InfoPlist.strings;
			sourceTree = "<group>";
		};
/* End PBXVariantGroup section */

/* Begin XCBuildConfiguration section */
		1DEB91AE08733DA50010E9CD /* Debug */ = {
			isa = XCBuildConfiguration;
			buildSettings = {
				ALWAYS_SEARCH_USER_PATHS = NO;
				COPY_PHASE_STRIP = NO;
				DYLIB_COMPATIBILITY_VERSION = 1;
				DYLIB_CURRENT_VERSION = 1;
				FRAMEWORK_VERSION = A;
				GCC_DYNAMIC_NO_PIC = NO;
				GCC_ENABLE_FIX_AND_CONTINUE = YES;
				GCC_MODEL_TUNING = G5;
				GCC_OPTIMIZATION_LEVEL = 0;
				GCC_PRECOMPILE_PREFIX_HEADER = YES;
				GCC_PREFIX_HEADER = CocoaSQL_Prefix.pch;
				INFOPLIST_FILE = Info.plist;
				INSTALL_PATH = "$(HOME)/Library/Frameworks";
				LIBRARY_SEARCH_PATHS = (
					"$(inherited)",
					"\"$(SRCROOT)\"",
				);
				PRODUCT_NAME = CocoaSQL;
				WRAPPER_EXTENSION = framework;
			};
			name = Debug;
		};
		1DEB91AF08733DA50010E9CD /* Release */ = {
			isa = XCBuildConfiguration;
			buildSettings = {
				ALWAYS_SEARCH_USER_PATHS = NO;
				DEBUG_INFORMATION_FORMAT = "dwarf-with-dsym";
				DYLIB_COMPATIBILITY_VERSION = 1;
				DYLIB_CURRENT_VERSION = 1;
				FRAMEWORK_VERSION = A;
				GCC_MODEL_TUNING = G5;
				GCC_PRECOMPILE_PREFIX_HEADER = YES;
				GCC_PREFIX_HEADER = CocoaSQL_Prefix.pch;
				INFOPLIST_FILE = Info.plist;
				INSTALL_PATH = "$(HOME)/Library/Frameworks";
				LIBRARY_SEARCH_PATHS = (
					"$(inherited)",
					"\"$(SRCROOT)\"",
				);
				PRODUCT_NAME = CocoaSQL;
				WRAPPER_EXTENSION = framework;
			};
			name = Release;
		};
		1DEB91B208733DA50010E9CD /* Debug */ = {
			isa = XCBuildConfiguration;
			buildSettings = {
				ARCHS = "$(ARCHS_STANDARD_32_64_BIT)";
				GCC_C_LANGUAGE_STANDARD = gnu99;
				GCC_OPTIMIZATION_LEVEL = 0;
				GCC_WARN_ABOUT_RETURN_TYPE = YES;
				GCC_WARN_UNUSED_VARIABLE = YES;
				ONLY_ACTIVE_ARCH = YES;
				PREBINDING = NO;
				SDKROOT = macosx10.6;
			};
			name = Debug;
		};
		1DEB91B308733DA50010E9CD /* Release */ = {
			isa = XCBuildConfiguration;
			buildSettings = {
				ARCHS = "$(ARCHS_STANDARD_32_64_BIT)";
				GCC_C_LANGUAGE_STANDARD = gnu99;
				GCC_WARN_ABOUT_RETURN_TYPE = YES;
				GCC_WARN_UNUSED_VARIABLE = YES;
				PREBINDING = NO;
				SDKROOT = macosx10.6;
			};
			name = Release;
		};
		821DBC911163702F0073C988 /* Debug */ = {
			isa = XCBuildConfiguration;
			buildSettings = {
				ALWAYS_SEARCH_USER_PATHS = NO;
				COPY_PHASE_STRIP = NO;
				FRAMEWORK_SEARCH_PATHS = "$(DEVELOPER_LIBRARY_DIR)/Frameworks";
				GCC_DYNAMIC_NO_PIC = NO;
				GCC_ENABLE_FIX_AND_CONTINUE = NO;
				GCC_ENABLE_OBJC_EXCEPTIONS = YES;
				GCC_MODEL_TUNING = G5;
				GCC_OPTIMIZATION_LEVEL = 0;
				GCC_PRECOMPILE_PREFIX_HEADER = YES;
				GCC_PREFIX_HEADER = "$(SYSTEM_LIBRARY_DIR)/Frameworks/Cocoa.framework/Headers/Cocoa.h";
				INFOPLIST_FILE = "Unit Tests-Info.plist";
				INSTALL_PATH = "$(USER_LIBRARY_DIR)/Bundles";
				OTHER_LDFLAGS = (
					"-framework",
					Cocoa,
					"-framework",
					SenTestingKit,
				);
				PREBINDING = NO;
				PRODUCT_NAME = "Unit Tests";
				WRAPPER_EXTENSION = octest;
			};
			name = Debug;
		};
		821DBC921163702F0073C988 /* Release */ = {
			isa = XCBuildConfiguration;
			buildSettings = {
				ALWAYS_SEARCH_USER_PATHS = NO;
				COPY_PHASE_STRIP = YES;
				DEBUG_INFORMATION_FORMAT = "dwarf-with-dsym";
				FRAMEWORK_SEARCH_PATHS = "$(DEVELOPER_LIBRARY_DIR)/Frameworks";
				GCC_ENABLE_FIX_AND_CONTINUE = NO;
				GCC_ENABLE_OBJC_EXCEPTIONS = YES;
				GCC_MODEL_TUNING = G5;
				GCC_PRECOMPILE_PREFIX_HEADER = YES;
				GCC_PREFIX_HEADER = "$(SYSTEM_LIBRARY_DIR)/Frameworks/Cocoa.framework/Headers/Cocoa.h";
				INFOPLIST_FILE = "Unit Tests-Info.plist";
				INSTALL_PATH = "$(USER_LIBRARY_DIR)/Bundles";
				OTHER_LDFLAGS = (
					"-framework",
					Cocoa,
					"-framework",
					SenTestingKit,
				);
				PREBINDING = NO;
				PRODUCT_NAME = "Unit Tests";
				WRAPPER_EXTENSION = octest;
				ZERO_LINK = NO;
			};
			name = Release;
		};
/* End XCBuildConfiguration section */

/* Begin XCConfigurationList section */
		1DEB91AD08733DA50010E9CD /* Build configuration list for PBXNativeTarget "CocoaSQL" */ = {
			isa = XCConfigurationList;
			buildConfigurations = (
				1DEB91AE08733DA50010E9CD /* Debug */,
				1DEB91AF08733DA50010E9CD /* Release */,
			);
			defaultConfigurationIsVisible = 0;
			defaultConfigurationName = Release;
		};
		1DEB91B108733DA50010E9CD /* Build configuration list for PBXProject "CocoaSQL" */ = {
			isa = XCConfigurationList;
			buildConfigurations = (
				1DEB91B208733DA50010E9CD /* Debug */,
				1DEB91B308733DA50010E9CD /* Release */,
			);
			defaultConfigurationIsVisible = 0;
			defaultConfigurationName = Release;
		};
		821DBC931163702F0073C988 /* Build configuration list for PBXNativeTarget "Unit Tests" */ = {
			isa = XCConfigurationList;
			buildConfigurations = (
				821DBC911163702F0073C988 /* Debug */,
				821DBC921163702F0073C988 /* Release */,
			);
			defaultConfigurationIsVisible = 0;
			defaultConfigurationName = Release;
		};
/* End XCConfigurationList section */
	};
	rootObject = 0867D690FE84028FC02AAC07 /* Project object */;
}
